
Microsoft Visual Studio Solution File, Format Version 12.00
# Visual Studio 15
VisualStudioVersion = 15.0.26430.14
MinimumVisualStudioVersion = 10.0.40219.1
Project("{2150E333-8FDC-42A3-9474-1A3956D46DE8}") = "XFDialog", "XFDialog", "{79197E8E-928D-4AB9-BF0C-F3FC1DD544D5}"
EndProject
Project("{FAE04EC0-301F-11D3-BF4B-00C04F79EFBC}") = "XFDialog", "XFDialog\XFDialog\XFDialog\XFDialog.csproj", "{E1B64ED8-93C4-4DA7-BC84-DAADA2F74FA4}"
EndProject
Project("{FAE04EC0-301F-11D3-BF4B-00C04F79EFBC}") = "XFDialog.Droid", "XFDialog\XFDialog\XFDialog.Droid\XFDialog.Droid.csproj", "{397DC464-EA7E-47FF-8DB6-6B8E6937DFA0}"
EndProject
Project("{FAE04EC0-301F-11D3-BF4B-00C04F79EFBC}") = "XFDialog.iOS", "XFDialog\XFDialog\XFDialog.iOS\XFDialog.iOS.csproj", "{CB846F41-B01C-42DA-A212-C02133239F14}"
EndProject
Project("{FAE04EC0-301F-11D3-BF4B-00C04F79EFBC}") = "XFDialog.UWP", "XFDialog\XFDialog\XFDialog.UWP\XFDialog.UWP.csproj", "{52EE4911-C1D5-4E42-8BD9-4166CB5ECE2A}"
EndProject
Project("{2150E333-8FDC-42A3-9474-1A3956D46DE8}") = "XF_HW1", "XF_HW1", "{554E40AE-4D23-43C9-AED2-63A61600A021}"
EndProject
Project("{FAE04EC0-301F-11D3-BF4B-00C04F79EFBC}") = "XF_HW1", "XF_HW1\XF_HW1\XF_HW1.csproj", "{11104F68-A049-4DE1-8F60-41097C652C74}"
EndProject
Project("{FAE04EC0-301F-11D3-BF4B-00C04F79EFBC}") = "XF_HW1.Droid", "XF_HW1\XF_HW1.Droid\XF_HW1.Droid.csproj", "{2ED9B7E3-BFA4-4A63-B3CF-79306C4C6DC7}"
EndProject
Project("{FAE04EC0-301F-11D3-BF4B-00C04F79EFBC}") = "XF_HW1.iOS", "XF_HW1\XF_HW1.iOS\XF_HW1.iOS.csproj", "{65C8FDE2-B2E1-4745-B8C2-B1A8EDBB4A38}"
EndProject
Project("{FAE04EC0-301F-11D3-BF4B-00C04F79EFBC}") = "XF_HW1.UWP", "XF_HW1\XF_HW1.UWP\XF_HW1.UWP.csproj", "{D6C4D961-6D10-4340-85CC-3FA692BF7989}"
EndProject
Project("{FAE04EC0-301F-11D3-BF4B-00C04F79EFBC}") = "XF_HW2", "XF_HW2\XF_HW2\XF_HW2.csproj", "{63C381C7-4256-43E7-B739-D1A867269CEC}"
EndProject
Project("{FAE04EC0-301F-11D3-BF4B-00C04F79EFBC}") = "XF_HW2.Droid", "XF_HW2\XF_HW2.Droid\XF_HW2.Droid.csproj", "{B4EF0FD0-8AF7-4F32-BFD5-0A316ECEF8B6}"
EndProject
Project("{FAE04EC0-301F-11D3-BF4B-00C04F79EFBC}") = "XF_HW2.iOS", "XF_HW2\XF_HW2.iOS\XF_HW2.iOS.csproj", "{4BB95B08-CD18-418D-86AF-44C2FA090672}"
EndProject
Project("{FAE04EC0-301F-11D3-BF4B-00C04F79EFBC}") = "XF_HW2.UWP", "XF_HW2\XF_HW2.UWP\XF_HW2.UWP.csproj", "{2046980A-F06B-4403-B140-36F4AAA07713}"
EndProject
Project("{2150E333-8FDC-42A3-9474-1A3956D46DE8}") = "XF_HW2", "XF_HW2", "{52DABD99-FCAE-4BBD-B1CE-E29777535121}"
EndProject
Project("{2150E333-8FDC-42A3-9474-1A3956D46DE8}") = "XF_Dialog", "XF_Dialog", "{29A164AD-E1AB-4974-8CF7-FA3D1DFEC4C6}"
EndProject
Project("{FAE04EC0-301F-11D3-BF4B-00C04F79EFBC}") = "XF_Dialog", "XF_Dialog\XF_Dialog\XF_Dialog.csproj", "{F11B1BF5-430A-4E99-A151-3FD5816232E3}"
EndProject
Project("{FAE04EC0-301F-11D3-BF4B-00C04F79EFBC}") = "XF_Dialog.Droid", "XF_Dialog\XF_Dialog.Droid\XF_Dialog.Droid.csproj", "{FC1D39FF-E59A-4925-AD27-2A3BCD4F8329}"
EndProject
Project("{FAE04EC0-301F-11D3-BF4B-00C04F79EFBC}") = "XF_Dialog.iOS", "XF_Dialog\XF_Dialog.iOS\XF_Dialog.iOS.csproj", "{A3143715-3752-46C0-8D49-7A1629B93F7F}"
EndProject
Project("{FAE04EC0-301F-11D3-BF4B-00C04F79EFBC}") = "XF_Dialog.UWP", "XF_Dialog\XF_Dialog.UWP\XF_Dialog.UWP.csproj", "{F4DB3483-4573-48E7-9B60-680F9809379B}"
EndProject
Global
	GlobalSection(SolutionConfigurationPlatforms) = preSolution
		Ad-Hoc|Any CPU = Ad-Hoc|Any CPU
		Ad-Hoc|ARM = Ad-Hoc|ARM
		Ad-Hoc|iPhone = Ad-Hoc|iPhone
		Ad-Hoc|iPhoneSimulator = Ad-Hoc|iPhoneSimulator
		Ad-Hoc|x64 = Ad-Hoc|x64
		Ad-Hoc|x86 = Ad-Hoc|x86
		AppStore|Any CPU = AppStore|Any CPU
		AppStore|ARM = AppStore|ARM
		AppStore|iPhone = AppStore|iPhone
		AppStore|iPhoneSimulator = AppStore|iPhoneSimulator
		AppStore|x64 = AppStore|x64
		AppStore|x86 = AppStore|x86
		Debug|Any CPU = Debug|Any CPU
		Debug|ARM = Debug|ARM
		Debug|iPhone = Debug|iPhone
		Debug|iPhoneSimulator = Debug|iPhoneSimulator
		Debug|x64 = Debug|x64
		Debug|x86 = Debug|x86
		Release|Any CPU = Release|Any CPU
		Release|ARM = Release|ARM
		Release|iPhone = Release|iPhone
		Release|iPhoneSimulator = Release|iPhoneSimulator
		Release|x64 = Release|x64
		Release|x86 = Release|x86
	EndGlobalSection
	GlobalSection(ProjectConfigurationPlatforms) = postSolution
		{E1B64ED8-93C4-4DA7-BC84-DAADA2F74FA4}.Ad-Hoc|Any CPU.ActiveCfg = Release|Any CPU
		{E1B64ED8-93C4-4DA7-BC84-DAADA2F74FA4}.Ad-Hoc|Any CPU.Build.0 = Release|Any CPU
		{E1B64ED8-93C4-4DA7-BC84-DAADA2F74FA4}.Ad-Hoc|ARM.ActiveCfg = Release|Any CPU
		{E1B64ED8-93C4-4DA7-BC84-DAADA2F74FA4}.Ad-Hoc|ARM.Build.0 = Release|Any CPU
		{E1B64ED8-93C4-4DA7-BC84-DAADA2F74FA4}.Ad-Hoc|iPhone.ActiveCfg = Release|Any CPU
		{E1B64ED8-93C4-4DA7-BC84-DAADA2F74FA4}.Ad-Hoc|iPhone.Build.0 = Release|Any CPU
		{E1B64ED8-93C4-4DA7-BC84-DAADA2F74FA4}.Ad-Hoc|iPhoneSimulator.ActiveCfg = Release|Any CPU
		{E1B64ED8-93C4-4DA7-BC84-DAADA2F74FA4}.Ad-Hoc|iPhoneSimulator.Build.0 = Release|Any CPU
		{E1B64ED8-93C4-4DA7-BC84-DAADA2F74FA4}.Ad-Hoc|x64.ActiveCfg = Release|Any CPU
		{E1B64ED8-93C4-4DA7-BC84-DAADA2F74FA4}.Ad-Hoc|x64.Build.0 = Release|Any CPU
		{E1B64ED8-93C4-4DA7-BC84-DAADA2F74FA4}.Ad-Hoc|x86.ActiveCfg = Release|Any CPU
		{E1B64ED8-93C4-4DA7-BC84-DAADA2F74FA4}.Ad-Hoc|x86.Build.0 = Release|Any CPU
		{E1B64ED8-93C4-4DA7-BC84-DAADA2F74FA4}.AppStore|Any CPU.ActiveCfg = Release|Any CPU
		{E1B64ED8-93C4-4DA7-BC84-DAADA2F74FA4}.AppStore|Any CPU.Build.0 = Release|Any CPU
		{E1B64ED8-93C4-4DA7-BC84-DAADA2F74FA4}.AppStore|ARM.ActiveCfg = Release|Any CPU
		{E1B64ED8-93C4-4DA7-BC84-DAADA2F74FA4}.AppStore|ARM.Build.0 = Release|Any CPU
		{E1B64ED8-93C4-4DA7-BC84-DAADA2F74FA4}.AppStore|iPhone.ActiveCfg = Release|Any CPU
		{E1B64ED8-93C4-4DA7-BC84-DAADA2F74FA4}.AppStore|iPhone.Build.0 = Release|Any CPU
		{E1B64ED8-93C4-4DA7-BC84-DAADA2F74FA4}.AppStore|iPhoneSimulator.ActiveCfg = Release|Any CPU
		{E1B64ED8-93C4-4DA7-BC84-DAADA2F74FA4}.AppStore|iPhoneSimulator.Build.0 = Release|Any CPU
		{E1B64ED8-93C4-4DA7-BC84-DAADA2F74FA4}.AppStore|x64.ActiveCfg = Release|Any CPU
		{E1B64ED8-93C4-4DA7-BC84-DAADA2F74FA4}.AppStore|x64.Build.0 = Release|Any CPU
		{E1B64ED8-93C4-4DA7-BC84-DAADA2F74FA4}.AppStore|x86.ActiveCfg = Release|Any CPU
		{E1B64ED8-93C4-4DA7-BC84-DAADA2F74FA4}.AppStore|x86.Build.0 = Release|Any CPU
		{E1B64ED8-93C4-4DA7-BC84-DAADA2F74FA4}.Debug|Any CPU.ActiveCfg = Debug|Any CPU
		{E1B64ED8-93C4-4DA7-BC84-DAADA2F74FA4}.Debug|Any CPU.Build.0 = Debug|Any CPU
		{E1B64ED8-93C4-4DA7-BC84-DAADA2F74FA4}.Debug|ARM.ActiveCfg = Debug|Any CPU
		{E1B64ED8-93C4-4DA7-BC84-DAADA2F74FA4}.Debug|ARM.Build.0 = Debug|Any CPU
		{E1B64ED8-93C4-4DA7-BC84-DAADA2F74FA4}.Debug|iPhone.ActiveCfg = Debug|Any CPU
		{E1B64ED8-93C4-4DA7-BC84-DAADA2F74FA4}.Debug|iPhone.Build.0 = Debug|Any CPU
		{E1B64ED8-93C4-4DA7-BC84-DAADA2F74FA4}.Debug|iPhoneSimulator.ActiveCfg = Debug|Any CPU
		{E1B64ED8-93C4-4DA7-BC84-DAADA2F74FA4}.Debug|iPhoneSimulator.Build.0 = Debug|Any CPU
		{E1B64ED8-93C4-4DA7-BC84-DAADA2F74FA4}.Debug|x64.ActiveCfg = Debug|Any CPU
		{E1B64ED8-93C4-4DA7-BC84-DAADA2F74FA4}.Debug|x64.Build.0 = Debug|Any CPU
		{E1B64ED8-93C4-4DA7-BC84-DAADA2F74FA4}.Debug|x86.ActiveCfg = Debug|Any CPU
		{E1B64ED8-93C4-4DA7-BC84-DAADA2F74FA4}.Debug|x86.Build.0 = Debug|Any CPU
		{E1B64ED8-93C4-4DA7-BC84-DAADA2F74FA4}.Release|Any CPU.ActiveCfg = Release|Any CPU
		{E1B64ED8-93C4-4DA7-BC84-DAADA2F74FA4}.Release|Any CPU.Build.0 = Release|Any CPU
		{E1B64ED8-93C4-4DA7-BC84-DAADA2F74FA4}.Release|ARM.ActiveCfg = Release|Any CPU
		{E1B64ED8-93C4-4DA7-BC84-DAADA2F74FA4}.Release|ARM.Build.0 = Release|Any CPU
		{E1B64ED8-93C4-4DA7-BC84-DAADA2F74FA4}.Release|iPhone.ActiveCfg = Release|Any CPU
		{E1B64ED8-93C4-4DA7-BC84-DAADA2F74FA4}.Release|iPhone.Build.0 = Release|Any CPU
		{E1B64ED8-93C4-4DA7-BC84-DAADA2F74FA4}.Release|iPhoneSimulator.ActiveCfg = Release|Any CPU
		{E1B64ED8-93C4-4DA7-BC84-DAADA2F74FA4}.Release|iPhoneSimulator.Build.0 = Release|Any CPU
		{E1B64ED8-93C4-4DA7-BC84-DAADA2F74FA4}.Release|x64.ActiveCfg = Release|Any CPU
		{E1B64ED8-93C4-4DA7-BC84-DAADA2F74FA4}.Release|x64.Build.0 = Release|Any CPU
		{E1B64ED8-93C4-4DA7-BC84-DAADA2F74FA4}.Release|x86.ActiveCfg = Release|Any CPU
		{E1B64ED8-93C4-4DA7-BC84-DAADA2F74FA4}.Release|x86.Build.0 = Release|Any CPU
		{397DC464-EA7E-47FF-8DB6-6B8E6937DFA0}.Ad-Hoc|Any CPU.ActiveCfg = Release|Any CPU
		{397DC464-EA7E-47FF-8DB6-6B8E6937DFA0}.Ad-Hoc|Any CPU.Build.0 = Release|Any CPU
		{397DC464-EA7E-47FF-8DB6-6B8E6937DFA0}.Ad-Hoc|Any CPU.Deploy.0 = Release|Any CPU
		{397DC464-EA7E-47FF-8DB6-6B8E6937DFA0}.Ad-Hoc|ARM.ActiveCfg = Release|Any CPU
		{397DC464-EA7E-47FF-8DB6-6B8E6937DFA0}.Ad-Hoc|ARM.Build.0 = Release|Any CPU
		{397DC464-EA7E-47FF-8DB6-6B8E6937DFA0}.Ad-Hoc|ARM.Deploy.0 = Release|Any CPU
		{397DC464-EA7E-47FF-8DB6-6B8E6937DFA0}.Ad-Hoc|iPhone.ActiveCfg = Release|Any CPU
		{397DC464-EA7E-47FF-8DB6-6B8E6937DFA0}.Ad-Hoc|iPhone.Build.0 = Release|Any CPU
		{397DC464-EA7E-47FF-8DB6-6B8E6937DFA0}.Ad-Hoc|iPhone.Deploy.0 = Release|Any CPU
		{397DC464-EA7E-47FF-8DB6-6B8E6937DFA0}.Ad-Hoc|iPhoneSimulator.ActiveCfg = Release|Any CPU
		{397DC464-EA7E-47FF-8DB6-6B8E6937DFA0}.Ad-Hoc|iPhoneSimulator.Build.0 = Release|Any CPU
		{397DC464-EA7E-47FF-8DB6-6B8E6937DFA0}.Ad-Hoc|iPhoneSimulator.Deploy.0 = Release|Any CPU
		{397DC464-EA7E-47FF-8DB6-6B8E6937DFA0}.Ad-Hoc|x64.ActiveCfg = Release|Any CPU
		{397DC464-EA7E-47FF-8DB6-6B8E6937DFA0}.Ad-Hoc|x64.Build.0 = Release|Any CPU
		{397DC464-EA7E-47FF-8DB6-6B8E6937DFA0}.Ad-Hoc|x64.Deploy.0 = Release|Any CPU
		{397DC464-EA7E-47FF-8DB6-6B8E6937DFA0}.Ad-Hoc|x86.ActiveCfg = Release|Any CPU
		{397DC464-EA7E-47FF-8DB6-6B8E6937DFA0}.Ad-Hoc|x86.Build.0 = Release|Any CPU
		{397DC464-EA7E-47FF-8DB6-6B8E6937DFA0}.Ad-Hoc|x86.Deploy.0 = Release|Any CPU
		{397DC464-EA7E-47FF-8DB6-6B8E6937DFA0}.AppStore|Any CPU.ActiveCfg = Release|Any CPU
		{397DC464-EA7E-47FF-8DB6-6B8E6937DFA0}.AppStore|Any CPU.Build.0 = Release|Any CPU
		{397DC464-EA7E-47FF-8DB6-6B8E6937DFA0}.AppStore|Any CPU.Deploy.0 = Release|Any CPU
		{397DC464-EA7E-47FF-8DB6-6B8E6937DFA0}.AppStore|ARM.ActiveCfg = Release|Any CPU
		{397DC464-EA7E-47FF-8DB6-6B8E6937DFA0}.AppStore|ARM.Build.0 = Release|Any CPU
		{397DC464-EA7E-47FF-8DB6-6B8E6937DFA0}.AppStore|ARM.Deploy.0 = Release|Any CPU
		{397DC464-EA7E-47FF-8DB6-6B8E6937DFA0}.AppStore|iPhone.ActiveCfg = Release|Any CPU
		{397DC464-EA7E-47FF-8DB6-6B8E6937DFA0}.AppStore|iPhone.Build.0 = Release|Any CPU
		{397DC464-EA7E-47FF-8DB6-6B8E6937DFA0}.AppStore|iPhone.Deploy.0 = Release|Any CPU
		{397DC464-EA7E-47FF-8DB6-6B8E6937DFA0}.AppStore|iPhoneSimulator.ActiveCfg = Release|Any CPU
		{397DC464-EA7E-47FF-8DB6-6B8E6937DFA0}.AppStore|iPhoneSimulator.Build.0 = Release|Any CPU
		{397DC464-EA7E-47FF-8DB6-6B8E6937DFA0}.AppStore|iPhoneSimulator.Deploy.0 = Release|Any CPU
		{397DC464-EA7E-47FF-8DB6-6B8E6937DFA0}.AppStore|x64.ActiveCfg = Release|Any CPU
		{397DC464-EA7E-47FF-8DB6-6B8E6937DFA0}.AppStore|x64.Build.0 = Release|Any CPU
		{397DC464-EA7E-47FF-8DB6-6B8E6937DFA0}.AppStore|x64.Deploy.0 = Release|Any CPU
		{397DC464-EA7E-47FF-8DB6-6B8E6937DFA0}.AppStore|x86.ActiveCfg = Release|Any CPU
		{397DC464-EA7E-47FF-8DB6-6B8E6937DFA0}.AppStore|x86.Build.0 = Release|Any CPU
		{397DC464-EA7E-47FF-8DB6-6B8E6937DFA0}.AppStore|x86.Deploy.0 = Release|Any CPU
		{397DC464-EA7E-47FF-8DB6-6B8E6937DFA0}.Debug|Any CPU.ActiveCfg = Debug|Any CPU
		{397DC464-EA7E-47FF-8DB6-6B8E6937DFA0}.Debug|Any CPU.Build.0 = Debug|Any CPU
		{397DC464-EA7E-47FF-8DB6-6B8E6937DFA0}.Debug|Any CPU.Deploy.0 = Debug|Any CPU
		{397DC464-EA7E-47FF-8DB6-6B8E6937DFA0}.Debug|ARM.ActiveCfg = Debug|Any CPU
		{397DC464-EA7E-47FF-8DB6-6B8E6937DFA0}.Debug|ARM.Build.0 = Debug|Any CPU
		{397DC464-EA7E-47FF-8DB6-6B8E6937DFA0}.Debug|ARM.Deploy.0 = Debug|Any CPU
		{397DC464-EA7E-47FF-8DB6-6B8E6937DFA0}.Debug|iPhone.ActiveCfg = Debug|Any CPU
		{397DC464-EA7E-47FF-8DB6-6B8E6937DFA0}.Debug|iPhone.Build.0 = Debug|Any CPU
		{397DC464-EA7E-47FF-8DB6-6B8E6937DFA0}.Debug|iPhone.Deploy.0 = Debug|Any CPU
		{397DC464-EA7E-47FF-8DB6-6B8E6937DFA0}.Debug|iPhoneSimulator.ActiveCfg = Debug|Any CPU
		{397DC464-EA7E-47FF-8DB6-6B8E6937DFA0}.Debug|iPhoneSimulator.Build.0 = Debug|Any CPU
		{397DC464-EA7E-47FF-8DB6-6B8E6937DFA0}.Debug|iPhoneSimulator.Deploy.0 = Debug|Any CPU
		{397DC464-EA7E-47FF-8DB6-6B8E6937DFA0}.Debug|x64.ActiveCfg = Debug|Any CPU
		{397DC464-EA7E-47FF-8DB6-6B8E6937DFA0}.Debug|x64.Build.0 = Debug|Any CPU
		{397DC464-EA7E-47FF-8DB6-6B8E6937DFA0}.Debug|x64.Deploy.0 = Debug|Any CPU
		{397DC464-EA7E-47FF-8DB6-6B8E6937DFA0}.Debug|x86.ActiveCfg = Debug|Any CPU
		{397DC464-EA7E-47FF-8DB6-6B8E6937DFA0}.Debug|x86.Build.0 = Debug|Any CPU
		{397DC464-EA7E-47FF-8DB6-6B8E6937DFA0}.Debug|x86.Deploy.0 = Debug|Any CPU
		{397DC464-EA7E-47FF-8DB6-6B8E6937DFA0}.Release|Any CPU.ActiveCfg = Release|Any CPU
		{397DC464-EA7E-47FF-8DB6-6B8E6937DFA0}.Release|Any CPU.Build.0 = Release|Any CPU
		{397DC464-EA7E-47FF-8DB6-6B8E6937DFA0}.Release|Any CPU.Deploy.0 = Release|Any CPU
		{397DC464-EA7E-47FF-8DB6-6B8E6937DFA0}.Release|ARM.ActiveCfg = Release|Any CPU
		{397DC464-EA7E-47FF-8DB6-6B8E6937DFA0}.Release|ARM.Build.0 = Release|Any CPU
		{397DC464-EA7E-47FF-8DB6-6B8E6937DFA0}.Release|ARM.Deploy.0 = Release|Any CPU
		{397DC464-EA7E-47FF-8DB6-6B8E6937DFA0}.Release|iPhone.ActiveCfg = Release|Any CPU
		{397DC464-EA7E-47FF-8DB6-6B8E6937DFA0}.Release|iPhone.Build.0 = Release|Any CPU
		{397DC464-EA7E-47FF-8DB6-6B8E6937DFA0}.Release|iPhone.Deploy.0 = Release|Any CPU
		{397DC464-EA7E-47FF-8DB6-6B8E6937DFA0}.Release|iPhoneSimulator.ActiveCfg = Release|Any CPU
		{397DC464-EA7E-47FF-8DB6-6B8E6937DFA0}.Release|iPhoneSimulator.Build.0 = Release|Any CPU
		{397DC464-EA7E-47FF-8DB6-6B8E6937DFA0}.Release|iPhoneSimulator.Deploy.0 = Release|Any CPU
		{397DC464-EA7E-47FF-8DB6-6B8E6937DFA0}.Release|x64.ActiveCfg = Release|Any CPU
		{397DC464-EA7E-47FF-8DB6-6B8E6937DFA0}.Release|x64.Build.0 = Release|Any CPU
		{397DC464-EA7E-47FF-8DB6-6B8E6937DFA0}.Release|x64.Deploy.0 = Release|Any CPU
		{397DC464-EA7E-47FF-8DB6-6B8E6937DFA0}.Release|x86.ActiveCfg = Release|Any CPU
		{397DC464-EA7E-47FF-8DB6-6B8E6937DFA0}.Release|x86.Build.0 = Release|Any CPU
		{397DC464-EA7E-47FF-8DB6-6B8E6937DFA0}.Release|x86.Deploy.0 = Release|Any CPU
		{CB846F41-B01C-42DA-A212-C02133239F14}.Ad-Hoc|Any CPU.ActiveCfg = Ad-Hoc|iPhone
		{CB846F41-B01C-42DA-A212-C02133239F14}.Ad-Hoc|ARM.ActiveCfg = Ad-Hoc|iPhone
		{CB846F41-B01C-42DA-A212-C02133239F14}.Ad-Hoc|iPhone.ActiveCfg = Ad-Hoc|iPhone
		{CB846F41-B01C-42DA-A212-C02133239F14}.Ad-Hoc|iPhone.Build.0 = Ad-Hoc|iPhone
		{CB846F41-B01C-42DA-A212-C02133239F14}.Ad-Hoc|iPhoneSimulator.ActiveCfg = Ad-Hoc|iPhoneSimulator
		{CB846F41-B01C-42DA-A212-C02133239F14}.Ad-Hoc|iPhoneSimulator.Build.0 = Ad-Hoc|iPhoneSimulator
		{CB846F41-B01C-42DA-A212-C02133239F14}.Ad-Hoc|x64.ActiveCfg = Ad-Hoc|iPhone
		{CB846F41-B01C-42DA-A212-C02133239F14}.Ad-Hoc|x86.ActiveCfg = Ad-Hoc|iPhone
		{CB846F41-B01C-42DA-A212-C02133239F14}.AppStore|Any CPU.ActiveCfg = AppStore|iPhone
		{CB846F41-B01C-42DA-A212-C02133239F14}.AppStore|ARM.ActiveCfg = AppStore|iPhone
		{CB846F41-B01C-42DA-A212-C02133239F14}.AppStore|iPhone.ActiveCfg = AppStore|iPhone
		{CB846F41-B01C-42DA-A212-C02133239F14}.AppStore|iPhone.Build.0 = AppStore|iPhone
		{CB846F41-B01C-42DA-A212-C02133239F14}.AppStore|iPhoneSimulator.ActiveCfg = AppStore|iPhoneSimulator
		{CB846F41-B01C-42DA-A212-C02133239F14}.AppStore|iPhoneSimulator.Build.0 = AppStore|iPhoneSimulator
		{CB846F41-B01C-42DA-A212-C02133239F14}.AppStore|x64.ActiveCfg = AppStore|iPhone
		{CB846F41-B01C-42DA-A212-C02133239F14}.AppStore|x86.ActiveCfg = AppStore|iPhone
		{CB846F41-B01C-42DA-A212-C02133239F14}.Debug|Any CPU.ActiveCfg = Debug|iPhone
		{CB846F41-B01C-42DA-A212-C02133239F14}.Debug|ARM.ActiveCfg = Debug|iPhone
		{CB846F41-B01C-42DA-A212-C02133239F14}.Debug|iPhone.ActiveCfg = Debug|iPhone
		{CB846F41-B01C-42DA-A212-C02133239F14}.Debug|iPhone.Build.0 = Debug|iPhone
		{CB846F41-B01C-42DA-A212-C02133239F14}.Debug|iPhoneSimulator.ActiveCfg = Debug|iPhoneSimulator
		{CB846F41-B01C-42DA-A212-C02133239F14}.Debug|iPhoneSimulator.Build.0 = Debug|iPhoneSimulator
		{CB846F41-B01C-42DA-A212-C02133239F14}.Debug|x64.ActiveCfg = Debug|iPhone
		{CB846F41-B01C-42DA-A212-C02133239F14}.Debug|x86.ActiveCfg = Debug|iPhone
		{CB846F41-B01C-42DA-A212-C02133239F14}.Release|Any CPU.ActiveCfg = Release|iPhone
		{CB846F41-B01C-42DA-A212-C02133239F14}.Release|ARM.ActiveCfg = Release|iPhone
		{CB846F41-B01C-42DA-A212-C02133239F14}.Release|iPhone.ActiveCfg = Release|iPhone
		{CB846F41-B01C-42DA-A212-C02133239F14}.Release|iPhone.Build.0 = Release|iPhone
		{CB846F41-B01C-42DA-A212-C02133239F14}.Release|iPhoneSimulator.ActiveCfg = Release|iPhoneSimulator
		{CB846F41-B01C-42DA-A212-C02133239F14}.Release|iPhoneSimulator.Build.0 = Release|iPhoneSimulator
		{CB846F41-B01C-42DA-A212-C02133239F14}.Release|x64.ActiveCfg = Release|iPhone
		{CB846F41-B01C-42DA-A212-C02133239F14}.Release|x86.ActiveCfg = Release|iPhone
		{52EE4911-C1D5-4E42-8BD9-4166CB5ECE2A}.Ad-Hoc|Any CPU.ActiveCfg = Release|x86
		{52EE4911-C1D5-4E42-8BD9-4166CB5ECE2A}.Ad-Hoc|Any CPU.Build.0 = Release|x86
		{52EE4911-C1D5-4E42-8BD9-4166CB5ECE2A}.Ad-Hoc|Any CPU.Deploy.0 = Release|x86
		{52EE4911-C1D5-4E42-8BD9-4166CB5ECE2A}.Ad-Hoc|ARM.ActiveCfg = Release|ARM
		{52EE4911-C1D5-4E42-8BD9-4166CB5ECE2A}.Ad-Hoc|ARM.Build.0 = Release|ARM
		{52EE4911-C1D5-4E42-8BD9-4166CB5ECE2A}.Ad-Hoc|ARM.Deploy.0 = Release|ARM
		{52EE4911-C1D5-4E42-8BD9-4166CB5ECE2A}.Ad-Hoc|iPhone.ActiveCfg = Release|x86
		{52EE4911-C1D5-4E42-8BD9-4166CB5ECE2A}.Ad-Hoc|iPhone.Build.0 = Release|x86
		{52EE4911-C1D5-4E42-8BD9-4166CB5ECE2A}.Ad-Hoc|iPhone.Deploy.0 = Release|x86
		{52EE4911-C1D5-4E42-8BD9-4166CB5ECE2A}.Ad-Hoc|iPhoneSimulator.ActiveCfg = Release|x86
		{52EE4911-C1D5-4E42-8BD9-4166CB5ECE2A}.Ad-Hoc|iPhoneSimulator.Build.0 = Release|x86
		{52EE4911-C1D5-4E42-8BD9-4166CB5ECE2A}.Ad-Hoc|iPhoneSimulator.Deploy.0 = Release|x86
		{52EE4911-C1D5-4E42-8BD9-4166CB5ECE2A}.Ad-Hoc|x64.ActiveCfg = Release|x64
		{52EE4911-C1D5-4E42-8BD9-4166CB5ECE2A}.Ad-Hoc|x64.Build.0 = Release|x64
		{52EE4911-C1D5-4E42-8BD9-4166CB5ECE2A}.Ad-Hoc|x64.Deploy.0 = Release|x64
		{52EE4911-C1D5-4E42-8BD9-4166CB5ECE2A}.Ad-Hoc|x86.ActiveCfg = Release|x86
		{52EE4911-C1D5-4E42-8BD9-4166CB5ECE2A}.Ad-Hoc|x86.Build.0 = Release|x86
		{52EE4911-C1D5-4E42-8BD9-4166CB5ECE2A}.Ad-Hoc|x86.Deploy.0 = Release|x86
		{52EE4911-C1D5-4E42-8BD9-4166CB5ECE2A}.AppStore|Any CPU.ActiveCfg = Release|x86
		{52EE4911-C1D5-4E42-8BD9-4166CB5ECE2A}.AppStore|Any CPU.Build.0 = Release|x86
		{52EE4911-C1D5-4E42-8BD9-4166CB5ECE2A}.AppStore|Any CPU.Deploy.0 = Release|x86
		{52EE4911-C1D5-4E42-8BD9-4166CB5ECE2A}.AppStore|ARM.ActiveCfg = Release|ARM
		{52EE4911-C1D5-4E42-8BD9-4166CB5ECE2A}.AppStore|ARM.Build.0 = Release|ARM
		{52EE4911-C1D5-4E42-8BD9-4166CB5ECE2A}.AppStore|ARM.Deploy.0 = Release|ARM
		{52EE4911-C1D5-4E42-8BD9-4166CB5ECE2A}.AppStore|iPhone.ActiveCfg = Release|x86
		{52EE4911-C1D5-4E42-8BD9-4166CB5ECE2A}.AppStore|iPhone.Build.0 = Release|x86
		{52EE4911-C1D5-4E42-8BD9-4166CB5ECE2A}.AppStore|iPhone.Deploy.0 = Release|x86
		{52EE4911-C1D5-4E42-8BD9-4166CB5ECE2A}.AppStore|iPhoneSimulator.ActiveCfg = Release|x86
		{52EE4911-C1D5-4E42-8BD9-4166CB5ECE2A}.AppStore|iPhoneSimulator.Build.0 = Release|x86
		{52EE4911-C1D5-4E42-8BD9-4166CB5ECE2A}.AppStore|iPhoneSimulator.Deploy.0 = Release|x86
		{52EE4911-C1D5-4E42-8BD9-4166CB5ECE2A}.AppStore|x64.ActiveCfg = Release|x64
		{52EE4911-C1D5-4E42-8BD9-4166CB5ECE2A}.AppStore|x64.Build.0 = Release|x64
		{52EE4911-C1D5-4E42-8BD9-4166CB5ECE2A}.AppStore|x64.Deploy.0 = Release|x64
		{52EE4911-C1D5-4E42-8BD9-4166CB5ECE2A}.AppStore|x86.ActiveCfg = Release|x86
		{52EE4911-C1D5-4E42-8BD9-4166CB5ECE2A}.AppStore|x86.Build.0 = Release|x86
		{52EE4911-C1D5-4E42-8BD9-4166CB5ECE2A}.AppStore|x86.Deploy.0 = Release|x86
		{52EE4911-C1D5-4E42-8BD9-4166CB5ECE2A}.Debug|Any CPU.ActiveCfg = Debug|x86
		{52EE4911-C1D5-4E42-8BD9-4166CB5ECE2A}.Debug|ARM.ActiveCfg = Debug|ARM
		{52EE4911-C1D5-4E42-8BD9-4166CB5ECE2A}.Debug|ARM.Build.0 = Debug|ARM
		{52EE4911-C1D5-4E42-8BD9-4166CB5ECE2A}.Debug|ARM.Deploy.0 = Debug|ARM
		{52EE4911-C1D5-4E42-8BD9-4166CB5ECE2A}.Debug|iPhone.ActiveCfg = Debug|x86
		{52EE4911-C1D5-4E42-8BD9-4166CB5ECE2A}.Debug|iPhoneSimulator.ActiveCfg = Debug|x86
		{52EE4911-C1D5-4E42-8BD9-4166CB5ECE2A}.Debug|x64.ActiveCfg = Debug|x64
		{52EE4911-C1D5-4E42-8BD9-4166CB5ECE2A}.Debug|x64.Build.0 = Debug|x64
		{52EE4911-C1D5-4E42-8BD9-4166CB5ECE2A}.Debug|x64.Deploy.0 = Debug|x64
		{52EE4911-C1D5-4E42-8BD9-4166CB5ECE2A}.Debug|x86.ActiveCfg = Debug|x86
		{52EE4911-C1D5-4E42-8BD9-4166CB5ECE2A}.Debug|x86.Build.0 = Debug|x86
		{52EE4911-C1D5-4E42-8BD9-4166CB5ECE2A}.Debug|x86.Deploy.0 = Debug|x86
		{52EE4911-C1D5-4E42-8BD9-4166CB5ECE2A}.Release|Any CPU.ActiveCfg = Release|x86
		{52EE4911-C1D5-4E42-8BD9-4166CB5ECE2A}.Release|ARM.ActiveCfg = Release|ARM
		{52EE4911-C1D5-4E42-8BD9-4166CB5ECE2A}.Release|ARM.Build.0 = Release|ARM
		{52EE4911-C1D5-4E42-8BD9-4166CB5ECE2A}.Release|ARM.Deploy.0 = Release|ARM
		{52EE4911-C1D5-4E42-8BD9-4166CB5ECE2A}.Release|iPhone.ActiveCfg = Release|x86
		{52EE4911-C1D5-4E42-8BD9-4166CB5ECE2A}.Release|iPhoneSimulator.ActiveCfg = Release|x86
		{52EE4911-C1D5-4E42-8BD9-4166CB5ECE2A}.Release|x64.ActiveCfg = Release|x64
		{52EE4911-C1D5-4E42-8BD9-4166CB5ECE2A}.Release|x64.Build.0 = Release|x64
		{52EE4911-C1D5-4E42-8BD9-4166CB5ECE2A}.Release|x64.Deploy.0 = Release|x64
		{52EE4911-C1D5-4E42-8BD9-4166CB5ECE2A}.Release|x86.ActiveCfg = Release|x86
		{52EE4911-C1D5-4E42-8BD9-4166CB5ECE2A}.Release|x86.Build.0 = Release|x86
		{52EE4911-C1D5-4E42-8BD9-4166CB5ECE2A}.Release|x86.Deploy.0 = Release|x86
		{11104F68-A049-4DE1-8F60-41097C652C74}.Ad-Hoc|Any CPU.ActiveCfg = Release|Any CPU
		{11104F68-A049-4DE1-8F60-41097C652C74}.Ad-Hoc|Any CPU.Build.0 = Release|Any CPU
		{11104F68-A049-4DE1-8F60-41097C652C74}.Ad-Hoc|ARM.ActiveCfg = Release|Any CPU
		{11104F68-A049-4DE1-8F60-41097C652C74}.Ad-Hoc|ARM.Build.0 = Release|Any CPU
		{11104F68-A049-4DE1-8F60-41097C652C74}.Ad-Hoc|iPhone.ActiveCfg = Release|Any CPU
		{11104F68-A049-4DE1-8F60-41097C652C74}.Ad-Hoc|iPhone.Build.0 = Release|Any CPU
		{11104F68-A049-4DE1-8F60-41097C652C74}.Ad-Hoc|iPhoneSimulator.ActiveCfg = Release|Any CPU
		{11104F68-A049-4DE1-8F60-41097C652C74}.Ad-Hoc|iPhoneSimulator.Build.0 = Release|Any CPU
		{11104F68-A049-4DE1-8F60-41097C652C74}.Ad-Hoc|x64.ActiveCfg = Release|Any CPU
		{11104F68-A049-4DE1-8F60-41097C652C74}.Ad-Hoc|x64.Build.0 = Release|Any CPU
		{11104F68-A049-4DE1-8F60-41097C652C74}.Ad-Hoc|x86.ActiveCfg = Release|Any CPU
		{11104F68-A049-4DE1-8F60-41097C652C74}.Ad-Hoc|x86.Build.0 = Release|Any CPU
		{11104F68-A049-4DE1-8F60-41097C652C74}.AppStore|Any CPU.ActiveCfg = Release|Any CPU
		{11104F68-A049-4DE1-8F60-41097C652C74}.AppStore|Any CPU.Build.0 = Release|Any CPU
		{11104F68-A049-4DE1-8F60-41097C652C74}.AppStore|ARM.ActiveCfg = Release|Any CPU
		{11104F68-A049-4DE1-8F60-41097C652C74}.AppStore|ARM.Build.0 = Release|Any CPU
		{11104F68-A049-4DE1-8F60-41097C652C74}.AppStore|iPhone.ActiveCfg = Release|Any CPU
		{11104F68-A049-4DE1-8F60-41097C652C74}.AppStore|iPhone.Build.0 = Release|Any CPU
		{11104F68-A049-4DE1-8F60-41097C652C74}.AppStore|iPhoneSimulator.ActiveCfg = Release|Any CPU
		{11104F68-A049-4DE1-8F60-41097C652C74}.AppStore|iPhoneSimulator.Build.0 = Release|Any CPU
		{11104F68-A049-4DE1-8F60-41097C652C74}.AppStore|x64.ActiveCfg = Release|Any CPU
		{11104F68-A049-4DE1-8F60-41097C652C74}.AppStore|x64.Build.0 = Release|Any CPU
		{11104F68-A049-4DE1-8F60-41097C652C74}.AppStore|x86.ActiveCfg = Release|Any CPU
		{11104F68-A049-4DE1-8F60-41097C652C74}.AppStore|x86.Build.0 = Release|Any CPU
		{11104F68-A049-4DE1-8F60-41097C652C74}.Debug|Any CPU.ActiveCfg = Debug|Any CPU
		{11104F68-A049-4DE1-8F60-41097C652C74}.Debug|Any CPU.Build.0 = Debug|Any CPU
		{11104F68-A049-4DE1-8F60-41097C652C74}.Debug|ARM.ActiveCfg = Debug|Any CPU
		{11104F68-A049-4DE1-8F60-41097C652C74}.Debug|ARM.Build.0 = Debug|Any CPU
		{11104F68-A049-4DE1-8F60-41097C652C74}.Debug|iPhone.ActiveCfg = Debug|Any CPU
		{11104F68-A049-4DE1-8F60-41097C652C74}.Debug|iPhone.Build.0 = Debug|Any CPU
		{11104F68-A049-4DE1-8F60-41097C652C74}.Debug|iPhoneSimulator.ActiveCfg = Debug|Any CPU
		{11104F68-A049-4DE1-8F60-41097C652C74}.Debug|iPhoneSimulator.Build.0 = Debug|Any CPU
		{11104F68-A049-4DE1-8F60-41097C652C74}.Debug|x64.ActiveCfg = Debug|Any CPU
		{11104F68-A049-4DE1-8F60-41097C652C74}.Debug|x64.Build.0 = Debug|Any CPU
		{11104F68-A049-4DE1-8F60-41097C652C74}.Debug|x86.ActiveCfg = Debug|Any CPU
		{11104F68-A049-4DE1-8F60-41097C652C74}.Debug|x86.Build.0 = Debug|Any CPU
		{11104F68-A049-4DE1-8F60-41097C652C74}.Release|Any CPU.ActiveCfg = Release|Any CPU
		{11104F68-A049-4DE1-8F60-41097C652C74}.Release|Any CPU.Build.0 = Release|Any CPU
		{11104F68-A049-4DE1-8F60-41097C652C74}.Release|ARM.ActiveCfg = Release|Any CPU
		{11104F68-A049-4DE1-8F60-41097C652C74}.Release|ARM.Build.0 = Release|Any CPU
		{11104F68-A049-4DE1-8F60-41097C652C74}.Release|iPhone.ActiveCfg = Release|Any CPU
		{11104F68-A049-4DE1-8F60-41097C652C74}.Release|iPhone.Build.0 = Release|Any CPU
		{11104F68-A049-4DE1-8F60-41097C652C74}.Release|iPhoneSimulator.ActiveCfg = Release|Any CPU
		{11104F68-A049-4DE1-8F60-41097C652C74}.Release|iPhoneSimulator.Build.0 = Release|Any CPU
		{11104F68-A049-4DE1-8F60-41097C652C74}.Release|x64.ActiveCfg = Release|Any CPU
		{11104F68-A049-4DE1-8F60-41097C652C74}.Release|x64.Build.0 = Release|Any CPU
		{11104F68-A049-4DE1-8F60-41097C652C74}.Release|x86.ActiveCfg = Release|Any CPU
		{11104F68-A049-4DE1-8F60-41097C652C74}.Release|x86.Build.0 = Release|Any CPU
		{2ED9B7E3-BFA4-4A63-B3CF-79306C4C6DC7}.Ad-Hoc|Any CPU.ActiveCfg = Release|Any CPU
		{2ED9B7E3-BFA4-4A63-B3CF-79306C4C6DC7}.Ad-Hoc|Any CPU.Build.0 = Release|Any CPU
		{2ED9B7E3-BFA4-4A63-B3CF-79306C4C6DC7}.Ad-Hoc|Any CPU.Deploy.0 = Release|Any CPU
		{2ED9B7E3-BFA4-4A63-B3CF-79306C4C6DC7}.Ad-Hoc|ARM.ActiveCfg = Release|Any CPU
		{2ED9B7E3-BFA4-4A63-B3CF-79306C4C6DC7}.Ad-Hoc|ARM.Build.0 = Release|Any CPU
		{2ED9B7E3-BFA4-4A63-B3CF-79306C4C6DC7}.Ad-Hoc|ARM.Deploy.0 = Release|Any CPU
		{2ED9B7E3-BFA4-4A63-B3CF-79306C4C6DC7}.Ad-Hoc|iPhone.ActiveCfg = Release|Any CPU
		{2ED9B7E3-BFA4-4A63-B3CF-79306C4C6DC7}.Ad-Hoc|iPhone.Build.0 = Release|Any CPU
		{2ED9B7E3-BFA4-4A63-B3CF-79306C4C6DC7}.Ad-Hoc|iPhone.Deploy.0 = Release|Any CPU
		{2ED9B7E3-BFA4-4A63-B3CF-79306C4C6DC7}.Ad-Hoc|iPhoneSimulator.ActiveCfg = Release|Any CPU
		{2ED9B7E3-BFA4-4A63-B3CF-79306C4C6DC7}.Ad-Hoc|iPhoneSimulator.Build.0 = Release|Any CPU
		{2ED9B7E3-BFA4-4A63-B3CF-79306C4C6DC7}.Ad-Hoc|iPhoneSimulator.Deploy.0 = Release|Any CPU
		{2ED9B7E3-BFA4-4A63-B3CF-79306C4C6DC7}.Ad-Hoc|x64.ActiveCfg = Release|Any CPU
		{2ED9B7E3-BFA4-4A63-B3CF-79306C4C6DC7}.Ad-Hoc|x64.Build.0 = Release|Any CPU
		{2ED9B7E3-BFA4-4A63-B3CF-79306C4C6DC7}.Ad-Hoc|x64.Deploy.0 = Release|Any CPU
		{2ED9B7E3-BFA4-4A63-B3CF-79306C4C6DC7}.Ad-Hoc|x86.ActiveCfg = Release|Any CPU
		{2ED9B7E3-BFA4-4A63-B3CF-79306C4C6DC7}.Ad-Hoc|x86.Build.0 = Release|Any CPU
		{2ED9B7E3-BFA4-4A63-B3CF-79306C4C6DC7}.Ad-Hoc|x86.Deploy.0 = Release|Any CPU
		{2ED9B7E3-BFA4-4A63-B3CF-79306C4C6DC7}.AppStore|Any CPU.ActiveCfg = Release|Any CPU
		{2ED9B7E3-BFA4-4A63-B3CF-79306C4C6DC7}.AppStore|Any CPU.Build.0 = Release|Any CPU
		{2ED9B7E3-BFA4-4A63-B3CF-79306C4C6DC7}.AppStore|Any CPU.Deploy.0 = Release|Any CPU
		{2ED9B7E3-BFA4-4A63-B3CF-79306C4C6DC7}.AppStore|ARM.ActiveCfg = Release|Any CPU
		{2ED9B7E3-BFA4-4A63-B3CF-79306C4C6DC7}.AppStore|ARM.Build.0 = Release|Any CPU
		{2ED9B7E3-BFA4-4A63-B3CF-79306C4C6DC7}.AppStore|ARM.Deploy.0 = Release|Any CPU
		{2ED9B7E3-BFA4-4A63-B3CF-79306C4C6DC7}.AppStore|iPhone.ActiveCfg = Release|Any CPU
		{2ED9B7E3-BFA4-4A63-B3CF-79306C4C6DC7}.AppStore|iPhone.Build.0 = Release|Any CPU
		{2ED9B7E3-BFA4-4A63-B3CF-79306C4C6DC7}.AppStore|iPhone.Deploy.0 = Release|Any CPU
		{2ED9B7E3-BFA4-4A63-B3CF-79306C4C6DC7}.AppStore|iPhoneSimulator.ActiveCfg = Release|Any CPU
		{2ED9B7E3-BFA4-4A63-B3CF-79306C4C6DC7}.AppStore|iPhoneSimulator.Build.0 = Release|Any CPU
		{2ED9B7E3-BFA4-4A63-B3CF-79306C4C6DC7}.AppStore|iPhoneSimulator.Deploy.0 = Release|Any CPU
		{2ED9B7E3-BFA4-4A63-B3CF-79306C4C6DC7}.AppStore|x64.ActiveCfg = Release|Any CPU
		{2ED9B7E3-BFA4-4A63-B3CF-79306C4C6DC7}.AppStore|x64.Build.0 = Release|Any CPU
		{2ED9B7E3-BFA4-4A63-B3CF-79306C4C6DC7}.AppStore|x64.Deploy.0 = Release|Any CPU
		{2ED9B7E3-BFA4-4A63-B3CF-79306C4C6DC7}.AppStore|x86.ActiveCfg = Release|Any CPU
		{2ED9B7E3-BFA4-4A63-B3CF-79306C4C6DC7}.AppStore|x86.Build.0 = Release|Any CPU
		{2ED9B7E3-BFA4-4A63-B3CF-79306C4C6DC7}.AppStore|x86.Deploy.0 = Release|Any CPU
		{2ED9B7E3-BFA4-4A63-B3CF-79306C4C6DC7}.Debug|Any CPU.ActiveCfg = Debug|Any CPU
		{2ED9B7E3-BFA4-4A63-B3CF-79306C4C6DC7}.Debug|Any CPU.Build.0 = Debug|Any CPU
		{2ED9B7E3-BFA4-4A63-B3CF-79306C4C6DC7}.Debug|Any CPU.Deploy.0 = Debug|Any CPU
		{2ED9B7E3-BFA4-4A63-B3CF-79306C4C6DC7}.Debug|ARM.ActiveCfg = Debug|Any CPU
		{2ED9B7E3-BFA4-4A63-B3CF-79306C4C6DC7}.Debug|ARM.Build.0 = Debug|Any CPU
		{2ED9B7E3-BFA4-4A63-B3CF-79306C4C6DC7}.Debug|ARM.Deploy.0 = Debug|Any CPU
		{2ED9B7E3-BFA4-4A63-B3CF-79306C4C6DC7}.Debug|iPhone.ActiveCfg = Debug|Any CPU
		{2ED9B7E3-BFA4-4A63-B3CF-79306C4C6DC7}.Debug|iPhone.Build.0 = Debug|Any CPU
		{2ED9B7E3-BFA4-4A63-B3CF-79306C4C6DC7}.Debug|iPhone.Deploy.0 = Debug|Any CPU
		{2ED9B7E3-BFA4-4A63-B3CF-79306C4C6DC7}.Debug|iPhoneSimulator.ActiveCfg = Debug|Any CPU
		{2ED9B7E3-BFA4-4A63-B3CF-79306C4C6DC7}.Debug|iPhoneSimulator.Build.0 = Debug|Any CPU
		{2ED9B7E3-BFA4-4A63-B3CF-79306C4C6DC7}.Debug|iPhoneSimulator.Deploy.0 = Debug|Any CPU
		{2ED9B7E3-BFA4-4A63-B3CF-79306C4C6DC7}.Debug|x64.ActiveCfg = Debug|Any CPU
		{2ED9B7E3-BFA4-4A63-B3CF-79306C4C6DC7}.Debug|x64.Build.0 = Debug|Any CPU
		{2ED9B7E3-BFA4-4A63-B3CF-79306C4C6DC7}.Debug|x64.Deploy.0 = Debug|Any CPU
		{2ED9B7E3-BFA4-4A63-B3CF-79306C4C6DC7}.Debug|x86.ActiveCfg = Debug|Any CPU
		{2ED9B7E3-BFA4-4A63-B3CF-79306C4C6DC7}.Debug|x86.Build.0 = Debug|Any CPU
		{2ED9B7E3-BFA4-4A63-B3CF-79306C4C6DC7}.Debug|x86.Deploy.0 = Debug|Any CPU
		{2ED9B7E3-BFA4-4A63-B3CF-79306C4C6DC7}.Release|Any CPU.ActiveCfg = Release|Any CPU
		{2ED9B7E3-BFA4-4A63-B3CF-79306C4C6DC7}.Release|Any CPU.Build.0 = Release|Any CPU
		{2ED9B7E3-BFA4-4A63-B3CF-79306C4C6DC7}.Release|Any CPU.Deploy.0 = Release|Any CPU
		{2ED9B7E3-BFA4-4A63-B3CF-79306C4C6DC7}.Release|ARM.ActiveCfg = Release|Any CPU
		{2ED9B7E3-BFA4-4A63-B3CF-79306C4C6DC7}.Release|ARM.Build.0 = Release|Any CPU
		{2ED9B7E3-BFA4-4A63-B3CF-79306C4C6DC7}.Release|ARM.Deploy.0 = Release|Any CPU
		{2ED9B7E3-BFA4-4A63-B3CF-79306C4C6DC7}.Release|iPhone.ActiveCfg = Release|Any CPU
		{2ED9B7E3-BFA4-4A63-B3CF-79306C4C6DC7}.Release|iPhone.Build.0 = Release|Any CPU
		{2ED9B7E3-BFA4-4A63-B3CF-79306C4C6DC7}.Release|iPhone.Deploy.0 = Release|Any CPU
		{2ED9B7E3-BFA4-4A63-B3CF-79306C4C6DC7}.Release|iPhoneSimulator.ActiveCfg = Release|Any CPU
		{2ED9B7E3-BFA4-4A63-B3CF-79306C4C6DC7}.Release|iPhoneSimulator.Build.0 = Release|Any CPU
		{2ED9B7E3-BFA4-4A63-B3CF-79306C4C6DC7}.Release|iPhoneSimulator.Deploy.0 = Release|Any CPU
		{2ED9B7E3-BFA4-4A63-B3CF-79306C4C6DC7}.Release|x64.ActiveCfg = Release|Any CPU
		{2ED9B7E3-BFA4-4A63-B3CF-79306C4C6DC7}.Release|x64.Build.0 = Release|Any CPU
		{2ED9B7E3-BFA4-4A63-B3CF-79306C4C6DC7}.Release|x64.Deploy.0 = Release|Any CPU
		{2ED9B7E3-BFA4-4A63-B3CF-79306C4C6DC7}.Release|x86.ActiveCfg = Release|Any CPU
		{2ED9B7E3-BFA4-4A63-B3CF-79306C4C6DC7}.Release|x86.Build.0 = Release|Any CPU
		{2ED9B7E3-BFA4-4A63-B3CF-79306C4C6DC7}.Release|x86.Deploy.0 = Release|Any CPU
		{65C8FDE2-B2E1-4745-B8C2-B1A8EDBB4A38}.Ad-Hoc|Any CPU.ActiveCfg = Ad-Hoc|iPhone
		{65C8FDE2-B2E1-4745-B8C2-B1A8EDBB4A38}.Ad-Hoc|ARM.ActiveCfg = Ad-Hoc|iPhone
		{65C8FDE2-B2E1-4745-B8C2-B1A8EDBB4A38}.Ad-Hoc|iPhone.ActiveCfg = Ad-Hoc|iPhone
		{65C8FDE2-B2E1-4745-B8C2-B1A8EDBB4A38}.Ad-Hoc|iPhone.Build.0 = Ad-Hoc|iPhone
		{65C8FDE2-B2E1-4745-B8C2-B1A8EDBB4A38}.Ad-Hoc|iPhoneSimulator.ActiveCfg = Ad-Hoc|iPhoneSimulator
		{65C8FDE2-B2E1-4745-B8C2-B1A8EDBB4A38}.Ad-Hoc|iPhoneSimulator.Build.0 = Ad-Hoc|iPhoneSimulator
		{65C8FDE2-B2E1-4745-B8C2-B1A8EDBB4A38}.Ad-Hoc|x64.ActiveCfg = Ad-Hoc|iPhone
		{65C8FDE2-B2E1-4745-B8C2-B1A8EDBB4A38}.Ad-Hoc|x86.ActiveCfg = Ad-Hoc|iPhone
		{65C8FDE2-B2E1-4745-B8C2-B1A8EDBB4A38}.AppStore|Any CPU.ActiveCfg = AppStore|iPhone
		{65C8FDE2-B2E1-4745-B8C2-B1A8EDBB4A38}.AppStore|ARM.ActiveCfg = AppStore|iPhone
		{65C8FDE2-B2E1-4745-B8C2-B1A8EDBB4A38}.AppStore|iPhone.ActiveCfg = AppStore|iPhone
		{65C8FDE2-B2E1-4745-B8C2-B1A8EDBB4A38}.AppStore|iPhone.Build.0 = AppStore|iPhone
		{65C8FDE2-B2E1-4745-B8C2-B1A8EDBB4A38}.AppStore|iPhoneSimulator.ActiveCfg = AppStore|iPhoneSimulator
		{65C8FDE2-B2E1-4745-B8C2-B1A8EDBB4A38}.AppStore|iPhoneSimulator.Build.0 = AppStore|iPhoneSimulator
		{65C8FDE2-B2E1-4745-B8C2-B1A8EDBB4A38}.AppStore|x64.ActiveCfg = AppStore|iPhone
		{65C8FDE2-B2E1-4745-B8C2-B1A8EDBB4A38}.AppStore|x86.ActiveCfg = AppStore|iPhone
		{65C8FDE2-B2E1-4745-B8C2-B1A8EDBB4A38}.Debug|Any CPU.ActiveCfg = Debug|iPhone
		{65C8FDE2-B2E1-4745-B8C2-B1A8EDBB4A38}.Debug|ARM.ActiveCfg = Debug|iPhone
		{65C8FDE2-B2E1-4745-B8C2-B1A8EDBB4A38}.Debug|iPhone.ActiveCfg = Debug|iPhone
		{65C8FDE2-B2E1-4745-B8C2-B1A8EDBB4A38}.Debug|iPhone.Build.0 = Debug|iPhone
		{65C8FDE2-B2E1-4745-B8C2-B1A8EDBB4A38}.Debug|iPhoneSimulator.ActiveCfg = Debug|iPhoneSimulator
		{65C8FDE2-B2E1-4745-B8C2-B1A8EDBB4A38}.Debug|iPhoneSimulator.Build.0 = Debug|iPhoneSimulator
		{65C8FDE2-B2E1-4745-B8C2-B1A8EDBB4A38}.Debug|x64.ActiveCfg = Debug|iPhone
		{65C8FDE2-B2E1-4745-B8C2-B1A8EDBB4A38}.Debug|x86.ActiveCfg = Debug|iPhone
		{65C8FDE2-B2E1-4745-B8C2-B1A8EDBB4A38}.Release|Any CPU.ActiveCfg = Release|iPhone
		{65C8FDE2-B2E1-4745-B8C2-B1A8EDBB4A38}.Release|ARM.ActiveCfg = Release|iPhone
		{65C8FDE2-B2E1-4745-B8C2-B1A8EDBB4A38}.Release|iPhone.ActiveCfg = Release|iPhone
		{65C8FDE2-B2E1-4745-B8C2-B1A8EDBB4A38}.Release|iPhone.Build.0 = Release|iPhone
		{65C8FDE2-B2E1-4745-B8C2-B1A8EDBB4A38}.Release|iPhoneSimulator.ActiveCfg = Release|iPhoneSimulator
		{65C8FDE2-B2E1-4745-B8C2-B1A8EDBB4A38}.Release|iPhoneSimulator.Build.0 = Release|iPhoneSimulator
		{65C8FDE2-B2E1-4745-B8C2-B1A8EDBB4A38}.Release|x64.ActiveCfg = Release|iPhone
		{65C8FDE2-B2E1-4745-B8C2-B1A8EDBB4A38}.Release|x86.ActiveCfg = Release|iPhone
		{D6C4D961-6D10-4340-85CC-3FA692BF7989}.Ad-Hoc|Any CPU.ActiveCfg = Release|x86
		{D6C4D961-6D10-4340-85CC-3FA692BF7989}.Ad-Hoc|Any CPU.Build.0 = Release|x86
		{D6C4D961-6D10-4340-85CC-3FA692BF7989}.Ad-Hoc|Any CPU.Deploy.0 = Release|x86
		{D6C4D961-6D10-4340-85CC-3FA692BF7989}.Ad-Hoc|ARM.ActiveCfg = Release|ARM
		{D6C4D961-6D10-4340-85CC-3FA692BF7989}.Ad-Hoc|ARM.Build.0 = Release|ARM
		{D6C4D961-6D10-4340-85CC-3FA692BF7989}.Ad-Hoc|ARM.Deploy.0 = Release|ARM
		{D6C4D961-6D10-4340-85CC-3FA692BF7989}.Ad-Hoc|iPhone.ActiveCfg = Release|x86
		{D6C4D961-6D10-4340-85CC-3FA692BF7989}.Ad-Hoc|iPhone.Build.0 = Release|x86
		{D6C4D961-6D10-4340-85CC-3FA692BF7989}.Ad-Hoc|iPhone.Deploy.0 = Release|x86
		{D6C4D961-6D10-4340-85CC-3FA692BF7989}.Ad-Hoc|iPhoneSimulator.ActiveCfg = Release|x86
		{D6C4D961-6D10-4340-85CC-3FA692BF7989}.Ad-Hoc|iPhoneSimulator.Build.0 = Release|x86
		{D6C4D961-6D10-4340-85CC-3FA692BF7989}.Ad-Hoc|iPhoneSimulator.Deploy.0 = Release|x86
		{D6C4D961-6D10-4340-85CC-3FA692BF7989}.Ad-Hoc|x64.ActiveCfg = Release|x64
		{D6C4D961-6D10-4340-85CC-3FA692BF7989}.Ad-Hoc|x64.Build.0 = Release|x64
		{D6C4D961-6D10-4340-85CC-3FA692BF7989}.Ad-Hoc|x64.Deploy.0 = Release|x64
		{D6C4D961-6D10-4340-85CC-3FA692BF7989}.Ad-Hoc|x86.ActiveCfg = Release|x86
		{D6C4D961-6D10-4340-85CC-3FA692BF7989}.Ad-Hoc|x86.Build.0 = Release|x86
		{D6C4D961-6D10-4340-85CC-3FA692BF7989}.Ad-Hoc|x86.Deploy.0 = Release|x86
		{D6C4D961-6D10-4340-85CC-3FA692BF7989}.AppStore|Any CPU.ActiveCfg = Release|x86
		{D6C4D961-6D10-4340-85CC-3FA692BF7989}.AppStore|Any CPU.Build.0 = Release|x86
		{D6C4D961-6D10-4340-85CC-3FA692BF7989}.AppStore|Any CPU.Deploy.0 = Release|x86
		{D6C4D961-6D10-4340-85CC-3FA692BF7989}.AppStore|ARM.ActiveCfg = Release|ARM
		{D6C4D961-6D10-4340-85CC-3FA692BF7989}.AppStore|ARM.Build.0 = Release|ARM
		{D6C4D961-6D10-4340-85CC-3FA692BF7989}.AppStore|ARM.Deploy.0 = Release|ARM
		{D6C4D961-6D10-4340-85CC-3FA692BF7989}.AppStore|iPhone.ActiveCfg = Release|x86
		{D6C4D961-6D10-4340-85CC-3FA692BF7989}.AppStore|iPhone.Build.0 = Release|x86
		{D6C4D961-6D10-4340-85CC-3FA692BF7989}.AppStore|iPhone.Deploy.0 = Release|x86
		{D6C4D961-6D10-4340-85CC-3FA692BF7989}.AppStore|iPhoneSimulator.ActiveCfg = Release|x86
		{D6C4D961-6D10-4340-85CC-3FA692BF7989}.AppStore|iPhoneSimulator.Build.0 = Release|x86
		{D6C4D961-6D10-4340-85CC-3FA692BF7989}.AppStore|iPhoneSimulator.Deploy.0 = Release|x86
		{D6C4D961-6D10-4340-85CC-3FA692BF7989}.AppStore|x64.ActiveCfg = Release|x64
		{D6C4D961-6D10-4340-85CC-3FA692BF7989}.AppStore|x64.Build.0 = Release|x64
		{D6C4D961-6D10-4340-85CC-3FA692BF7989}.AppStore|x64.Deploy.0 = Release|x64
		{D6C4D961-6D10-4340-85CC-3FA692BF7989}.AppStore|x86.ActiveCfg = Release|x86
		{D6C4D961-6D10-4340-85CC-3FA692BF7989}.AppStore|x86.Build.0 = Release|x86
		{D6C4D961-6D10-4340-85CC-3FA692BF7989}.AppStore|x86.Deploy.0 = Release|x86
		{D6C4D961-6D10-4340-85CC-3FA692BF7989}.Debug|Any CPU.ActiveCfg = Debug|x86
		{D6C4D961-6D10-4340-85CC-3FA692BF7989}.Debug|ARM.ActiveCfg = Debug|ARM
		{D6C4D961-6D10-4340-85CC-3FA692BF7989}.Debug|ARM.Build.0 = Debug|ARM
		{D6C4D961-6D10-4340-85CC-3FA692BF7989}.Debug|ARM.Deploy.0 = Debug|ARM
		{D6C4D961-6D10-4340-85CC-3FA692BF7989}.Debug|iPhone.ActiveCfg = Debug|x86
		{D6C4D961-6D10-4340-85CC-3FA692BF7989}.Debug|iPhoneSimulator.ActiveCfg = Debug|x86
		{D6C4D961-6D10-4340-85CC-3FA692BF7989}.Debug|x64.ActiveCfg = Debug|x64
		{D6C4D961-6D10-4340-85CC-3FA692BF7989}.Debug|x64.Build.0 = Debug|x64
		{D6C4D961-6D10-4340-85CC-3FA692BF7989}.Debug|x64.Deploy.0 = Debug|x64
		{D6C4D961-6D10-4340-85CC-3FA692BF7989}.Debug|x86.ActiveCfg = Debug|x86
		{D6C4D961-6D10-4340-85CC-3FA692BF7989}.Debug|x86.Build.0 = Debug|x86
		{D6C4D961-6D10-4340-85CC-3FA692BF7989}.Debug|x86.Deploy.0 = Debug|x86
		{D6C4D961-6D10-4340-85CC-3FA692BF7989}.Release|Any CPU.ActiveCfg = Release|x86
		{D6C4D961-6D10-4340-85CC-3FA692BF7989}.Release|ARM.ActiveCfg = Release|ARM
		{D6C4D961-6D10-4340-85CC-3FA692BF7989}.Release|ARM.Build.0 = Release|ARM
		{D6C4D961-6D10-4340-85CC-3FA692BF7989}.Release|ARM.Deploy.0 = Release|ARM
		{D6C4D961-6D10-4340-85CC-3FA692BF7989}.Release|iPhone.ActiveCfg = Release|x86
		{D6C4D961-6D10-4340-85CC-3FA692BF7989}.Release|iPhoneSimulator.ActiveCfg = Release|x86
		{D6C4D961-6D10-4340-85CC-3FA692BF7989}.Release|x64.ActiveCfg = Release|x64
		{D6C4D961-6D10-4340-85CC-3FA692BF7989}.Release|x64.Build.0 = Release|x64
		{D6C4D961-6D10-4340-85CC-3FA692BF7989}.Release|x64.Deploy.0 = Release|x64
		{D6C4D961-6D10-4340-85CC-3FA692BF7989}.Release|x86.ActiveCfg = Release|x86
		{D6C4D961-6D10-4340-85CC-3FA692BF7989}.Release|x86.Build.0 = Release|x86
		{D6C4D961-6D10-4340-85CC-3FA692BF7989}.Release|x86.Deploy.0 = Release|x86
		{63C381C7-4256-43E7-B739-D1A867269CEC}.Ad-Hoc|Any CPU.ActiveCfg = Release|Any CPU
		{63C381C7-4256-43E7-B739-D1A867269CEC}.Ad-Hoc|Any CPU.Build.0 = Release|Any CPU
		{63C381C7-4256-43E7-B739-D1A867269CEC}.Ad-Hoc|ARM.ActiveCfg = Release|Any CPU
		{63C381C7-4256-43E7-B739-D1A867269CEC}.Ad-Hoc|ARM.Build.0 = Release|Any CPU
		{63C381C7-4256-43E7-B739-D1A867269CEC}.Ad-Hoc|iPhone.ActiveCfg = Release|Any CPU
		{63C381C7-4256-43E7-B739-D1A867269CEC}.Ad-Hoc|iPhone.Build.0 = Release|Any CPU
		{63C381C7-4256-43E7-B739-D1A867269CEC}.Ad-Hoc|iPhoneSimulator.ActiveCfg = Release|Any CPU
		{63C381C7-4256-43E7-B739-D1A867269CEC}.Ad-Hoc|iPhoneSimulator.Build.0 = Release|Any CPU
		{63C381C7-4256-43E7-B739-D1A867269CEC}.Ad-Hoc|x64.ActiveCfg = Release|Any CPU
		{63C381C7-4256-43E7-B739-D1A867269CEC}.Ad-Hoc|x64.Build.0 = Release|Any CPU
		{63C381C7-4256-43E7-B739-D1A867269CEC}.Ad-Hoc|x86.ActiveCfg = Release|Any CPU
		{63C381C7-4256-43E7-B739-D1A867269CEC}.Ad-Hoc|x86.Build.0 = Release|Any CPU
		{63C381C7-4256-43E7-B739-D1A867269CEC}.AppStore|Any CPU.ActiveCfg = Release|Any CPU
		{63C381C7-4256-43E7-B739-D1A867269CEC}.AppStore|Any CPU.Build.0 = Release|Any CPU
		{63C381C7-4256-43E7-B739-D1A867269CEC}.AppStore|ARM.ActiveCfg = Release|Any CPU
		{63C381C7-4256-43E7-B739-D1A867269CEC}.AppStore|ARM.Build.0 = Release|Any CPU
		{63C381C7-4256-43E7-B739-D1A867269CEC}.AppStore|iPhone.ActiveCfg = Release|Any CPU
		{63C381C7-4256-43E7-B739-D1A867269CEC}.AppStore|iPhone.Build.0 = Release|Any CPU
		{63C381C7-4256-43E7-B739-D1A867269CEC}.AppStore|iPhoneSimulator.ActiveCfg = Release|Any CPU
		{63C381C7-4256-43E7-B739-D1A867269CEC}.AppStore|iPhoneSimulator.Build.0 = Release|Any CPU
		{63C381C7-4256-43E7-B739-D1A867269CEC}.AppStore|x64.ActiveCfg = Release|Any CPU
		{63C381C7-4256-43E7-B739-D1A867269CEC}.AppStore|x64.Build.0 = Release|Any CPU
		{63C381C7-4256-43E7-B739-D1A867269CEC}.AppStore|x86.ActiveCfg = Release|Any CPU
		{63C381C7-4256-43E7-B739-D1A867269CEC}.AppStore|x86.Build.0 = Release|Any CPU
		{63C381C7-4256-43E7-B739-D1A867269CEC}.Debug|Any CPU.ActiveCfg = Debug|Any CPU
		{63C381C7-4256-43E7-B739-D1A867269CEC}.Debug|Any CPU.Build.0 = Debug|Any CPU
		{63C381C7-4256-43E7-B739-D1A867269CEC}.Debug|ARM.ActiveCfg = Debug|Any CPU
		{63C381C7-4256-43E7-B739-D1A867269CEC}.Debug|ARM.Build.0 = Debug|Any CPU
		{63C381C7-4256-43E7-B739-D1A867269CEC}.Debug|iPhone.ActiveCfg = Debug|Any CPU
		{63C381C7-4256-43E7-B739-D1A867269CEC}.Debug|iPhone.Build.0 = Debug|Any CPU
		{63C381C7-4256-43E7-B739-D1A867269CEC}.Debug|iPhoneSimulator.ActiveCfg = Debug|Any CPU
		{63C381C7-4256-43E7-B739-D1A867269CEC}.Debug|iPhoneSimulator.Build.0 = Debug|Any CPU
		{63C381C7-4256-43E7-B739-D1A867269CEC}.Debug|x64.ActiveCfg = Debug|Any CPU
		{63C381C7-4256-43E7-B739-D1A867269CEC}.Debug|x64.Build.0 = Debug|Any CPU
		{63C381C7-4256-43E7-B739-D1A867269CEC}.Debug|x86.ActiveCfg = Debug|Any CPU
		{63C381C7-4256-43E7-B739-D1A867269CEC}.Debug|x86.Build.0 = Debug|Any CPU
		{63C381C7-4256-43E7-B739-D1A867269CEC}.Release|Any CPU.ActiveCfg = Release|Any CPU
		{63C381C7-4256-43E7-B739-D1A867269CEC}.Release|Any CPU.Build.0 = Release|Any CPU
		{63C381C7-4256-43E7-B739-D1A867269CEC}.Release|ARM.ActiveCfg = Release|Any CPU
		{63C381C7-4256-43E7-B739-D1A867269CEC}.Release|ARM.Build.0 = Release|Any CPU
		{63C381C7-4256-43E7-B739-D1A867269CEC}.Release|iPhone.ActiveCfg = Release|Any CPU
		{63C381C7-4256-43E7-B739-D1A867269CEC}.Release|iPhone.Build.0 = Release|Any CPU
		{63C381C7-4256-43E7-B739-D1A867269CEC}.Release|iPhoneSimulator.ActiveCfg = Release|Any CPU
		{63C381C7-4256-43E7-B739-D1A867269CEC}.Release|iPhoneSimulator.Build.0 = Release|Any CPU
		{63C381C7-4256-43E7-B739-D1A867269CEC}.Release|x64.ActiveCfg = Release|Any CPU
		{63C381C7-4256-43E7-B739-D1A867269CEC}.Release|x64.Build.0 = Release|Any CPU
		{63C381C7-4256-43E7-B739-D1A867269CEC}.Release|x86.ActiveCfg = Release|Any CPU
		{63C381C7-4256-43E7-B739-D1A867269CEC}.Release|x86.Build.0 = Release|Any CPU
		{B4EF0FD0-8AF7-4F32-BFD5-0A316ECEF8B6}.Ad-Hoc|Any CPU.ActiveCfg = Release|Any CPU
		{B4EF0FD0-8AF7-4F32-BFD5-0A316ECEF8B6}.Ad-Hoc|Any CPU.Build.0 = Release|Any CPU
		{B4EF0FD0-8AF7-4F32-BFD5-0A316ECEF8B6}.Ad-Hoc|Any CPU.Deploy.0 = Release|Any CPU
		{B4EF0FD0-8AF7-4F32-BFD5-0A316ECEF8B6}.Ad-Hoc|ARM.ActiveCfg = Release|Any CPU
		{B4EF0FD0-8AF7-4F32-BFD5-0A316ECEF8B6}.Ad-Hoc|ARM.Build.0 = Release|Any CPU
		{B4EF0FD0-8AF7-4F32-BFD5-0A316ECEF8B6}.Ad-Hoc|ARM.Deploy.0 = Release|Any CPU
		{B4EF0FD0-8AF7-4F32-BFD5-0A316ECEF8B6}.Ad-Hoc|iPhone.ActiveCfg = Release|Any CPU
		{B4EF0FD0-8AF7-4F32-BFD5-0A316ECEF8B6}.Ad-Hoc|iPhone.Build.0 = Release|Any CPU
		{B4EF0FD0-8AF7-4F32-BFD5-0A316ECEF8B6}.Ad-Hoc|iPhone.Deploy.0 = Release|Any CPU
		{B4EF0FD0-8AF7-4F32-BFD5-0A316ECEF8B6}.Ad-Hoc|iPhoneSimulator.ActiveCfg = Release|Any CPU
		{B4EF0FD0-8AF7-4F32-BFD5-0A316ECEF8B6}.Ad-Hoc|iPhoneSimulator.Build.0 = Release|Any CPU
		{B4EF0FD0-8AF7-4F32-BFD5-0A316ECEF8B6}.Ad-Hoc|iPhoneSimulator.Deploy.0 = Release|Any CPU
		{B4EF0FD0-8AF7-4F32-BFD5-0A316ECEF8B6}.Ad-Hoc|x64.ActiveCfg = Release|Any CPU
		{B4EF0FD0-8AF7-4F32-BFD5-0A316ECEF8B6}.Ad-Hoc|x64.Build.0 = Release|Any CPU
		{B4EF0FD0-8AF7-4F32-BFD5-0A316ECEF8B6}.Ad-Hoc|x64.Deploy.0 = Release|Any CPU
		{B4EF0FD0-8AF7-4F32-BFD5-0A316ECEF8B6}.Ad-Hoc|x86.ActiveCfg = Release|Any CPU
		{B4EF0FD0-8AF7-4F32-BFD5-0A316ECEF8B6}.Ad-Hoc|x86.Build.0 = Release|Any CPU
		{B4EF0FD0-8AF7-4F32-BFD5-0A316ECEF8B6}.Ad-Hoc|x86.Deploy.0 = Release|Any CPU
		{B4EF0FD0-8AF7-4F32-BFD5-0A316ECEF8B6}.AppStore|Any CPU.ActiveCfg = Release|Any CPU
		{B4EF0FD0-8AF7-4F32-BFD5-0A316ECEF8B6}.AppStore|Any CPU.Build.0 = Release|Any CPU
		{B4EF0FD0-8AF7-4F32-BFD5-0A316ECEF8B6}.AppStore|Any CPU.Deploy.0 = Release|Any CPU
		{B4EF0FD0-8AF7-4F32-BFD5-0A316ECEF8B6}.AppStore|ARM.ActiveCfg = Release|Any CPU
		{B4EF0FD0-8AF7-4F32-BFD5-0A316ECEF8B6}.AppStore|ARM.Build.0 = Release|Any CPU
		{B4EF0FD0-8AF7-4F32-BFD5-0A316ECEF8B6}.AppStore|ARM.Deploy.0 = Release|Any CPU
		{B4EF0FD0-8AF7-4F32-BFD5-0A316ECEF8B6}.AppStore|iPhone.ActiveCfg = Release|Any CPU
		{B4EF0FD0-8AF7-4F32-BFD5-0A316ECEF8B6}.AppStore|iPhone.Build.0 = Release|Any CPU
		{B4EF0FD0-8AF7-4F32-BFD5-0A316ECEF8B6}.AppStore|iPhone.Deploy.0 = Release|Any CPU
		{B4EF0FD0-8AF7-4F32-BFD5-0A316ECEF8B6}.AppStore|iPhoneSimulator.ActiveCfg = Release|Any CPU
		{B4EF0FD0-8AF7-4F32-BFD5-0A316ECEF8B6}.AppStore|iPhoneSimulator.Build.0 = Release|Any CPU
		{B4EF0FD0-8AF7-4F32-BFD5-0A316ECEF8B6}.AppStore|iPhoneSimulator.Deploy.0 = Release|Any CPU
		{B4EF0FD0-8AF7-4F32-BFD5-0A316ECEF8B6}.AppStore|x64.ActiveCfg = Release|Any CPU
		{B4EF0FD0-8AF7-4F32-BFD5-0A316ECEF8B6}.AppStore|x64.Build.0 = Release|Any CPU
		{B4EF0FD0-8AF7-4F32-BFD5-0A316ECEF8B6}.AppStore|x64.Deploy.0 = Release|Any CPU
		{B4EF0FD0-8AF7-4F32-BFD5-0A316ECEF8B6}.AppStore|x86.ActiveCfg = Release|Any CPU
		{B4EF0FD0-8AF7-4F32-BFD5-0A316ECEF8B6}.AppStore|x86.Build.0 = Release|Any CPU
		{B4EF0FD0-8AF7-4F32-BFD5-0A316ECEF8B6}.AppStore|x86.Deploy.0 = Release|Any CPU
		{B4EF0FD0-8AF7-4F32-BFD5-0A316ECEF8B6}.Debug|Any CPU.ActiveCfg = Debug|Any CPU
		{B4EF0FD0-8AF7-4F32-BFD5-0A316ECEF8B6}.Debug|Any CPU.Build.0 = Debug|Any CPU
		{B4EF0FD0-8AF7-4F32-BFD5-0A316ECEF8B6}.Debug|Any CPU.Deploy.0 = Debug|Any CPU
		{B4EF0FD0-8AF7-4F32-BFD5-0A316ECEF8B6}.Debug|ARM.ActiveCfg = Debug|Any CPU
		{B4EF0FD0-8AF7-4F32-BFD5-0A316ECEF8B6}.Debug|ARM.Build.0 = Debug|Any CPU
		{B4EF0FD0-8AF7-4F32-BFD5-0A316ECEF8B6}.Debug|ARM.Deploy.0 = Debug|Any CPU
		{B4EF0FD0-8AF7-4F32-BFD5-0A316ECEF8B6}.Debug|iPhone.ActiveCfg = Debug|Any CPU
		{B4EF0FD0-8AF7-4F32-BFD5-0A316ECEF8B6}.Debug|iPhone.Build.0 = Debug|Any CPU
		{B4EF0FD0-8AF7-4F32-BFD5-0A316ECEF8B6}.Debug|iPhone.Deploy.0 = Debug|Any CPU
		{B4EF0FD0-8AF7-4F32-BFD5-0A316ECEF8B6}.Debug|iPhoneSimulator.ActiveCfg = Debug|Any CPU
		{B4EF0FD0-8AF7-4F32-BFD5-0A316ECEF8B6}.Debug|iPhoneSimulator.Build.0 = Debug|Any CPU
		{B4EF0FD0-8AF7-4F32-BFD5-0A316ECEF8B6}.Debug|iPhoneSimulator.Deploy.0 = Debug|Any CPU
		{B4EF0FD0-8AF7-4F32-BFD5-0A316ECEF8B6}.Debug|x64.ActiveCfg = Debug|Any CPU
		{B4EF0FD0-8AF7-4F32-BFD5-0A316ECEF8B6}.Debug|x64.Build.0 = Debug|Any CPU
		{B4EF0FD0-8AF7-4F32-BFD5-0A316ECEF8B6}.Debug|x64.Deploy.0 = Debug|Any CPU
		{B4EF0FD0-8AF7-4F32-BFD5-0A316ECEF8B6}.Debug|x86.ActiveCfg = Debug|Any CPU
		{B4EF0FD0-8AF7-4F32-BFD5-0A316ECEF8B6}.Debug|x86.Build.0 = Debug|Any CPU
		{B4EF0FD0-8AF7-4F32-BFD5-0A316ECEF8B6}.Debug|x86.Deploy.0 = Debug|Any CPU
		{B4EF0FD0-8AF7-4F32-BFD5-0A316ECEF8B6}.Release|Any CPU.ActiveCfg = Release|Any CPU
		{B4EF0FD0-8AF7-4F32-BFD5-0A316ECEF8B6}.Release|Any CPU.Build.0 = Release|Any CPU
		{B4EF0FD0-8AF7-4F32-BFD5-0A316ECEF8B6}.Release|Any CPU.Deploy.0 = Release|Any CPU
		{B4EF0FD0-8AF7-4F32-BFD5-0A316ECEF8B6}.Release|ARM.ActiveCfg = Release|Any CPU
		{B4EF0FD0-8AF7-4F32-BFD5-0A316ECEF8B6}.Release|ARM.Build.0 = Release|Any CPU
		{B4EF0FD0-8AF7-4F32-BFD5-0A316ECEF8B6}.Release|ARM.Deploy.0 = Release|Any CPU
		{B4EF0FD0-8AF7-4F32-BFD5-0A316ECEF8B6}.Release|iPhone.ActiveCfg = Release|Any CPU
		{B4EF0FD0-8AF7-4F32-BFD5-0A316ECEF8B6}.Release|iPhone.Build.0 = Release|Any CPU
		{B4EF0FD0-8AF7-4F32-BFD5-0A316ECEF8B6}.Release|iPhone.Deploy.0 = Release|Any CPU
		{B4EF0FD0-8AF7-4F32-BFD5-0A316ECEF8B6}.Release|iPhoneSimulator.ActiveCfg = Release|Any CPU
		{B4EF0FD0-8AF7-4F32-BFD5-0A316ECEF8B6}.Release|iPhoneSimulator.Build.0 = Release|Any CPU
		{B4EF0FD0-8AF7-4F32-BFD5-0A316ECEF8B6}.Release|iPhoneSimulator.Deploy.0 = Release|Any CPU
		{B4EF0FD0-8AF7-4F32-BFD5-0A316ECEF8B6}.Release|x64.ActiveCfg = Release|Any CPU
		{B4EF0FD0-8AF7-4F32-BFD5-0A316ECEF8B6}.Release|x64.Build.0 = Release|Any CPU
		{B4EF0FD0-8AF7-4F32-BFD5-0A316ECEF8B6}.Release|x64.Deploy.0 = Release|Any CPU
		{B4EF0FD0-8AF7-4F32-BFD5-0A316ECEF8B6}.Release|x86.ActiveCfg = Release|Any CPU
		{B4EF0FD0-8AF7-4F32-BFD5-0A316ECEF8B6}.Release|x86.Build.0 = Release|Any CPU
		{B4EF0FD0-8AF7-4F32-BFD5-0A316ECEF8B6}.Release|x86.Deploy.0 = Release|Any CPU
		{4BB95B08-CD18-418D-86AF-44C2FA090672}.Ad-Hoc|Any CPU.ActiveCfg = Ad-Hoc|iPhone
		{4BB95B08-CD18-418D-86AF-44C2FA090672}.Ad-Hoc|ARM.ActiveCfg = Ad-Hoc|iPhone
		{4BB95B08-CD18-418D-86AF-44C2FA090672}.Ad-Hoc|iPhone.ActiveCfg = Ad-Hoc|iPhone
		{4BB95B08-CD18-418D-86AF-44C2FA090672}.Ad-Hoc|iPhone.Build.0 = Ad-Hoc|iPhone
		{4BB95B08-CD18-418D-86AF-44C2FA090672}.Ad-Hoc|iPhoneSimulator.ActiveCfg = Ad-Hoc|iPhoneSimulator
		{4BB95B08-CD18-418D-86AF-44C2FA090672}.Ad-Hoc|iPhoneSimulator.Build.0 = Ad-Hoc|iPhoneSimulator
		{4BB95B08-CD18-418D-86AF-44C2FA090672}.Ad-Hoc|x64.ActiveCfg = Ad-Hoc|iPhone
		{4BB95B08-CD18-418D-86AF-44C2FA090672}.Ad-Hoc|x86.ActiveCfg = Ad-Hoc|iPhone
		{4BB95B08-CD18-418D-86AF-44C2FA090672}.AppStore|Any CPU.ActiveCfg = AppStore|iPhone
		{4BB95B08-CD18-418D-86AF-44C2FA090672}.AppStore|ARM.ActiveCfg = AppStore|iPhone
		{4BB95B08-CD18-418D-86AF-44C2FA090672}.AppStore|iPhone.ActiveCfg = AppStore|iPhone
		{4BB95B08-CD18-418D-86AF-44C2FA090672}.AppStore|iPhone.Build.0 = AppStore|iPhone
		{4BB95B08-CD18-418D-86AF-44C2FA090672}.AppStore|iPhoneSimulator.ActiveCfg = AppStore|iPhoneSimulator
		{4BB95B08-CD18-418D-86AF-44C2FA090672}.AppStore|iPhoneSimulator.Build.0 = AppStore|iPhoneSimulator
		{4BB95B08-CD18-418D-86AF-44C2FA090672}.AppStore|x64.ActiveCfg = AppStore|iPhone
		{4BB95B08-CD18-418D-86AF-44C2FA090672}.AppStore|x86.ActiveCfg = AppStore|iPhone
		{4BB95B08-CD18-418D-86AF-44C2FA090672}.Debug|Any CPU.ActiveCfg = Debug|iPhone
		{4BB95B08-CD18-418D-86AF-44C2FA090672}.Debug|ARM.ActiveCfg = Debug|iPhone
		{4BB95B08-CD18-418D-86AF-44C2FA090672}.Debug|iPhone.ActiveCfg = Debug|iPhone
		{4BB95B08-CD18-418D-86AF-44C2FA090672}.Debug|iPhone.Build.0 = Debug|iPhone
		{4BB95B08-CD18-418D-86AF-44C2FA090672}.Debug|iPhoneSimulator.ActiveCfg = Debug|iPhoneSimulator
		{4BB95B08-CD18-418D-86AF-44C2FA090672}.Debug|iPhoneSimulator.Build.0 = Debug|iPhoneSimulator
		{4BB95B08-CD18-418D-86AF-44C2FA090672}.Debug|x64.ActiveCfg = Debug|iPhone
		{4BB95B08-CD18-418D-86AF-44C2FA090672}.Debug|x86.ActiveCfg = Debug|iPhone
		{4BB95B08-CD18-418D-86AF-44C2FA090672}.Release|Any CPU.ActiveCfg = Release|iPhone
		{4BB95B08-CD18-418D-86AF-44C2FA090672}.Release|ARM.ActiveCfg = Release|iPhone
		{4BB95B08-CD18-418D-86AF-44C2FA090672}.Release|iPhone.ActiveCfg = Release|iPhone
		{4BB95B08-CD18-418D-86AF-44C2FA090672}.Release|iPhone.Build.0 = Release|iPhone
		{4BB95B08-CD18-418D-86AF-44C2FA090672}.Release|iPhoneSimulator.ActiveCfg = Release|iPhoneSimulator
		{4BB95B08-CD18-418D-86AF-44C2FA090672}.Release|iPhoneSimulator.Build.0 = Release|iPhoneSimulator
		{4BB95B08-CD18-418D-86AF-44C2FA090672}.Release|x64.ActiveCfg = Release|iPhone
		{4BB95B08-CD18-418D-86AF-44C2FA090672}.Release|x86.ActiveCfg = Release|iPhone
		{2046980A-F06B-4403-B140-36F4AAA07713}.Ad-Hoc|Any CPU.ActiveCfg = Release|x86
		{2046980A-F06B-4403-B140-36F4AAA07713}.Ad-Hoc|Any CPU.Build.0 = Release|x86
		{2046980A-F06B-4403-B140-36F4AAA07713}.Ad-Hoc|Any CPU.Deploy.0 = Release|x86
		{2046980A-F06B-4403-B140-36F4AAA07713}.Ad-Hoc|ARM.ActiveCfg = Release|ARM
		{2046980A-F06B-4403-B140-36F4AAA07713}.Ad-Hoc|ARM.Build.0 = Release|ARM
		{2046980A-F06B-4403-B140-36F4AAA07713}.Ad-Hoc|ARM.Deploy.0 = Release|ARM
		{2046980A-F06B-4403-B140-36F4AAA07713}.Ad-Hoc|iPhone.ActiveCfg = Release|x86
		{2046980A-F06B-4403-B140-36F4AAA07713}.Ad-Hoc|iPhone.Build.0 = Release|x86
		{2046980A-F06B-4403-B140-36F4AAA07713}.Ad-Hoc|iPhone.Deploy.0 = Release|x86
		{2046980A-F06B-4403-B140-36F4AAA07713}.Ad-Hoc|iPhoneSimulator.ActiveCfg = Release|x86
		{2046980A-F06B-4403-B140-36F4AAA07713}.Ad-Hoc|iPhoneSimulator.Build.0 = Release|x86
		{2046980A-F06B-4403-B140-36F4AAA07713}.Ad-Hoc|iPhoneSimulator.Deploy.0 = Release|x86
		{2046980A-F06B-4403-B140-36F4AAA07713}.Ad-Hoc|x64.ActiveCfg = Release|x64
		{2046980A-F06B-4403-B140-36F4AAA07713}.Ad-Hoc|x64.Build.0 = Release|x64
		{2046980A-F06B-4403-B140-36F4AAA07713}.Ad-Hoc|x64.Deploy.0 = Release|x64
		{2046980A-F06B-4403-B140-36F4AAA07713}.Ad-Hoc|x86.ActiveCfg = Release|x86
		{2046980A-F06B-4403-B140-36F4AAA07713}.Ad-Hoc|x86.Build.0 = Release|x86
		{2046980A-F06B-4403-B140-36F4AAA07713}.Ad-Hoc|x86.Deploy.0 = Release|x86
		{2046980A-F06B-4403-B140-36F4AAA07713}.AppStore|Any CPU.ActiveCfg = Release|x86
		{2046980A-F06B-4403-B140-36F4AAA07713}.AppStore|Any CPU.Build.0 = Release|x86
		{2046980A-F06B-4403-B140-36F4AAA07713}.AppStore|Any CPU.Deploy.0 = Release|x86
		{2046980A-F06B-4403-B140-36F4AAA07713}.AppStore|ARM.ActiveCfg = Release|ARM
		{2046980A-F06B-4403-B140-36F4AAA07713}.AppStore|ARM.Build.0 = Release|ARM
		{2046980A-F06B-4403-B140-36F4AAA07713}.AppStore|ARM.Deploy.0 = Release|ARM
		{2046980A-F06B-4403-B140-36F4AAA07713}.AppStore|iPhone.ActiveCfg = Release|x86
		{2046980A-F06B-4403-B140-36F4AAA07713}.AppStore|iPhone.Build.0 = Release|x86
		{2046980A-F06B-4403-B140-36F4AAA07713}.AppStore|iPhone.Deploy.0 = Release|x86
		{2046980A-F06B-4403-B140-36F4AAA07713}.AppStore|iPhoneSimulator.ActiveCfg = Release|x86
		{2046980A-F06B-4403-B140-36F4AAA07713}.AppStore|iPhoneSimulator.Build.0 = Release|x86
		{2046980A-F06B-4403-B140-36F4AAA07713}.AppStore|iPhoneSimulator.Deploy.0 = Release|x86
		{2046980A-F06B-4403-B140-36F4AAA07713}.AppStore|x64.ActiveCfg = Release|x64
		{2046980A-F06B-4403-B140-36F4AAA07713}.AppStore|x64.Build.0 = Release|x64
		{2046980A-F06B-4403-B140-36F4AAA07713}.AppStore|x64.Deploy.0 = Release|x64
		{2046980A-F06B-4403-B140-36F4AAA07713}.AppStore|x86.ActiveCfg = Release|x86
		{2046980A-F06B-4403-B140-36F4AAA07713}.AppStore|x86.Build.0 = Release|x86
		{2046980A-F06B-4403-B140-36F4AAA07713}.AppStore|x86.Deploy.0 = Release|x86
		{2046980A-F06B-4403-B140-36F4AAA07713}.Debug|Any CPU.ActiveCfg = Debug|x86
		{2046980A-F06B-4403-B140-36F4AAA07713}.Debug|ARM.ActiveCfg = Debug|ARM
		{2046980A-F06B-4403-B140-36F4AAA07713}.Debug|ARM.Build.0 = Debug|ARM
		{2046980A-F06B-4403-B140-36F4AAA07713}.Debug|ARM.Deploy.0 = Debug|ARM
		{2046980A-F06B-4403-B140-36F4AAA07713}.Debug|iPhone.ActiveCfg = Debug|x86
		{2046980A-F06B-4403-B140-36F4AAA07713}.Debug|iPhoneSimulator.ActiveCfg = Debug|x86
		{2046980A-F06B-4403-B140-36F4AAA07713}.Debug|x64.ActiveCfg = Debug|x64
		{2046980A-F06B-4403-B140-36F4AAA07713}.Debug|x64.Build.0 = Debug|x64
		{2046980A-F06B-4403-B140-36F4AAA07713}.Debug|x64.Deploy.0 = Debug|x64
		{2046980A-F06B-4403-B140-36F4AAA07713}.Debug|x86.ActiveCfg = Debug|x86
		{2046980A-F06B-4403-B140-36F4AAA07713}.Debug|x86.Build.0 = Debug|x86
		{2046980A-F06B-4403-B140-36F4AAA07713}.Debug|x86.Deploy.0 = Debug|x86
		{2046980A-F06B-4403-B140-36F4AAA07713}.Release|Any CPU.ActiveCfg = Release|x86
		{2046980A-F06B-4403-B140-36F4AAA07713}.Release|ARM.ActiveCfg = Release|ARM
		{2046980A-F06B-4403-B140-36F4AAA07713}.Release|ARM.Build.0 = Release|ARM
		{2046980A-F06B-4403-B140-36F4AAA07713}.Release|ARM.Deploy.0 = Release|ARM
		{2046980A-F06B-4403-B140-36F4AAA07713}.Release|iPhone.ActiveCfg = Release|x86
		{2046980A-F06B-4403-B140-36F4AAA07713}.Release|iPhoneSimulator.ActiveCfg = Release|x86
		{2046980A-F06B-4403-B140-36F4AAA07713}.Release|x64.ActiveCfg = Release|x64
		{2046980A-F06B-4403-B140-36F4AAA07713}.Release|x64.Build.0 = Release|x64
		{2046980A-F06B-4403-B140-36F4AAA07713}.Release|x64.Deploy.0 = Release|x64
		{2046980A-F06B-4403-B140-36F4AAA07713}.Release|x86.ActiveCfg = Release|x86
		{2046980A-F06B-4403-B140-36F4AAA07713}.Release|x86.Build.0 = Release|x86
		{2046980A-F06B-4403-B140-36F4AAA07713}.Release|x86.Deploy.0 = Release|x86
		{F11B1BF5-430A-4E99-A151-3FD5816232E3}.Ad-Hoc|Any CPU.ActiveCfg = Release|Any CPU
		{F11B1BF5-430A-4E99-A151-3FD5816232E3}.Ad-Hoc|Any CPU.Build.0 = Release|Any CPU
		{F11B1BF5-430A-4E99-A151-3FD5816232E3}.Ad-Hoc|ARM.ActiveCfg = Release|Any CPU
		{F11B1BF5-430A-4E99-A151-3FD5816232E3}.Ad-Hoc|ARM.Build.0 = Release|Any CPU
		{F11B1BF5-430A-4E99-A151-3FD5816232E3}.Ad-Hoc|iPhone.ActiveCfg = Release|Any CPU
		{F11B1BF5-430A-4E99-A151-3FD5816232E3}.Ad-Hoc|iPhone.Build.0 = Release|Any CPU
		{F11B1BF5-430A-4E99-A151-3FD5816232E3}.Ad-Hoc|iPhoneSimulator.ActiveCfg = Release|Any CPU
		{F11B1BF5-430A-4E99-A151-3FD5816232E3}.Ad-Hoc|iPhoneSimulator.Build.0 = Release|Any CPU
		{F11B1BF5-430A-4E99-A151-3FD5816232E3}.Ad-Hoc|x64.ActiveCfg = Release|Any CPU
		{F11B1BF5-430A-4E99-A151-3FD5816232E3}.Ad-Hoc|x64.Build.0 = Release|Any CPU
		{F11B1BF5-430A-4E99-A151-3FD5816232E3}.Ad-Hoc|x86.ActiveCfg = Release|Any CPU
		{F11B1BF5-430A-4E99-A151-3FD5816232E3}.Ad-Hoc|x86.Build.0 = Release|Any CPU
		{F11B1BF5-430A-4E99-A151-3FD5816232E3}.AppStore|Any CPU.ActiveCfg = Release|Any CPU
		{F11B1BF5-430A-4E99-A151-3FD5816232E3}.AppStore|Any CPU.Build.0 = Release|Any CPU
		{F11B1BF5-430A-4E99-A151-3FD5816232E3}.AppStore|ARM.ActiveCfg = Release|Any CPU
		{F11B1BF5-430A-4E99-A151-3FD5816232E3}.AppStore|ARM.Build.0 = Release|Any CPU
		{F11B1BF5-430A-4E99-A151-3FD5816232E3}.AppStore|iPhone.ActiveCfg = Release|Any CPU
		{F11B1BF5-430A-4E99-A151-3FD5816232E3}.AppStore|iPhone.Build.0 = Release|Any CPU
		{F11B1BF5-430A-4E99-A151-3FD5816232E3}.AppStore|iPhoneSimulator.ActiveCfg = Release|Any CPU
		{F11B1BF5-430A-4E99-A151-3FD5816232E3}.AppStore|iPhoneSimulator.Build.0 = Release|Any CPU
		{F11B1BF5-430A-4E99-A151-3FD5816232E3}.AppStore|x64.ActiveCfg = Release|Any CPU
		{F11B1BF5-430A-4E99-A151-3FD5816232E3}.AppStore|x64.Build.0 = Release|Any CPU
		{F11B1BF5-430A-4E99-A151-3FD5816232E3}.AppStore|x86.ActiveCfg = Release|Any CPU
		{F11B1BF5-430A-4E99-A151-3FD5816232E3}.AppStore|x86.Build.0 = Release|Any CPU
		{F11B1BF5-430A-4E99-A151-3FD5816232E3}.Debug|Any CPU.ActiveCfg = Debug|Any CPU
		{F11B1BF5-430A-4E99-A151-3FD5816232E3}.Debug|Any CPU.Build.0 = Debug|Any CPU
		{F11B1BF5-430A-4E99-A151-3FD5816232E3}.Debug|ARM.ActiveCfg = Debug|Any CPU
		{F11B1BF5-430A-4E99-A151-3FD5816232E3}.Debug|ARM.Build.0 = Debug|Any CPU
		{F11B1BF5-430A-4E99-A151-3FD5816232E3}.Debug|iPhone.ActiveCfg = Debug|Any CPU
		{F11B1BF5-430A-4E99-A151-3FD5816232E3}.Debug|iPhone.Build.0 = Debug|Any CPU
		{F11B1BF5-430A-4E99-A151-3FD5816232E3}.Debug|iPhoneSimulator.ActiveCfg = Debug|Any CPU
		{F11B1BF5-430A-4E99-A151-3FD5816232E3}.Debug|iPhoneSimulator.Build.0 = Debug|Any CPU
		{F11B1BF5-430A-4E99-A151-3FD5816232E3}.Debug|x64.ActiveCfg = Debug|Any CPU
		{F11B1BF5-430A-4E99-A151-3FD5816232E3}.Debug|x64.Build.0 = Debug|Any CPU
		{F11B1BF5-430A-4E99-A151-3FD5816232E3}.Debug|x86.ActiveCfg = Debug|Any CPU
		{F11B1BF5-430A-4E99-A151-3FD5816232E3}.Debug|x86.Build.0 = Debug|Any CPU
		{F11B1BF5-430A-4E99-A151-3FD5816232E3}.Release|Any CPU.ActiveCfg = Release|Any CPU
		{F11B1BF5-430A-4E99-A151-3FD5816232E3}.Release|Any CPU.Build.0 = Release|Any CPU
		{F11B1BF5-430A-4E99-A151-3FD5816232E3}.Release|ARM.ActiveCfg = Release|Any CPU
		{F11B1BF5-430A-4E99-A151-3FD5816232E3}.Release|ARM.Build.0 = Release|Any CPU
		{F11B1BF5-430A-4E99-A151-3FD5816232E3}.Release|iPhone.ActiveCfg = Release|Any CPU
		{F11B1BF5-430A-4E99-A151-3FD5816232E3}.Release|iPhone.Build.0 = Release|Any CPU
		{F11B1BF5-430A-4E99-A151-3FD5816232E3}.Release|iPhoneSimulator.ActiveCfg = Release|Any CPU
		{F11B1BF5-430A-4E99-A151-3FD5816232E3}.Release|iPhoneSimulator.Build.0 = Release|Any CPU
		{F11B1BF5-430A-4E99-A151-3FD5816232E3}.Release|x64.ActiveCfg = Release|Any CPU
		{F11B1BF5-430A-4E99-A151-3FD5816232E3}.Release|x64.Build.0 = Release|Any CPU
		{F11B1BF5-430A-4E99-A151-3FD5816232E3}.Release|x86.ActiveCfg = Release|Any CPU
		{F11B1BF5-430A-4E99-A151-3FD5816232E3}.Release|x86.Build.0 = Release|Any CPU
		{FC1D39FF-E59A-4925-AD27-2A3BCD4F8329}.Ad-Hoc|Any CPU.ActiveCfg = Release|Any CPU
		{FC1D39FF-E59A-4925-AD27-2A3BCD4F8329}.Ad-Hoc|Any CPU.Build.0 = Release|Any CPU
		{FC1D39FF-E59A-4925-AD27-2A3BCD4F8329}.Ad-Hoc|Any CPU.Deploy.0 = Release|Any CPU
		{FC1D39FF-E59A-4925-AD27-2A3BCD4F8329}.Ad-Hoc|ARM.ActiveCfg = Release|Any CPU
		{FC1D39FF-E59A-4925-AD27-2A3BCD4F8329}.Ad-Hoc|ARM.Build.0 = Release|Any CPU
		{FC1D39FF-E59A-4925-AD27-2A3BCD4F8329}.Ad-Hoc|ARM.Deploy.0 = Release|Any CPU
		{FC1D39FF-E59A-4925-AD27-2A3BCD4F8329}.Ad-Hoc|iPhone.ActiveCfg = Release|Any CPU
		{FC1D39FF-E59A-4925-AD27-2A3BCD4F8329}.Ad-Hoc|iPhone.Build.0 = Release|Any CPU
		{FC1D39FF-E59A-4925-AD27-2A3BCD4F8329}.Ad-Hoc|iPhone.Deploy.0 = Release|Any CPU
		{FC1D39FF-E59A-4925-AD27-2A3BCD4F8329}.Ad-Hoc|iPhoneSimulator.ActiveCfg = Release|Any CPU
		{FC1D39FF-E59A-4925-AD27-2A3BCD4F8329}.Ad-Hoc|iPhoneSimulator.Build.0 = Release|Any CPU
		{FC1D39FF-E59A-4925-AD27-2A3BCD4F8329}.Ad-Hoc|iPhoneSimulator.Deploy.0 = Release|Any CPU
		{FC1D39FF-E59A-4925-AD27-2A3BCD4F8329}.Ad-Hoc|x64.ActiveCfg = Release|Any CPU
		{FC1D39FF-E59A-4925-AD27-2A3BCD4F8329}.Ad-Hoc|x64.Build.0 = Release|Any CPU
		{FC1D39FF-E59A-4925-AD27-2A3BCD4F8329}.Ad-Hoc|x64.Deploy.0 = Release|Any CPU
		{FC1D39FF-E59A-4925-AD27-2A3BCD4F8329}.Ad-Hoc|x86.ActiveCfg = Release|Any CPU
		{FC1D39FF-E59A-4925-AD27-2A3BCD4F8329}.Ad-Hoc|x86.Build.0 = Release|Any CPU
		{FC1D39FF-E59A-4925-AD27-2A3BCD4F8329}.Ad-Hoc|x86.Deploy.0 = Release|Any CPU
		{FC1D39FF-E59A-4925-AD27-2A3BCD4F8329}.AppStore|Any CPU.ActiveCfg = Release|Any CPU
		{FC1D39FF-E59A-4925-AD27-2A3BCD4F8329}.AppStore|Any CPU.Build.0 = Release|Any CPU
		{FC1D39FF-E59A-4925-AD27-2A3BCD4F8329}.AppStore|Any CPU.Deploy.0 = Release|Any CPU
		{FC1D39FF-E59A-4925-AD27-2A3BCD4F8329}.AppStore|ARM.ActiveCfg = Release|Any CPU
		{FC1D39FF-E59A-4925-AD27-2A3BCD4F8329}.AppStore|ARM.Build.0 = Release|Any CPU
		{FC1D39FF-E59A-4925-AD27-2A3BCD4F8329}.AppStore|ARM.Deploy.0 = Release|Any CPU
		{FC1D39FF-E59A-4925-AD27-2A3BCD4F8329}.AppStore|iPhone.ActiveCfg = Release|Any CPU
		{FC1D39FF-E59A-4925-AD27-2A3BCD4F8329}.AppStore|iPhone.Build.0 = Release|Any CPU
		{FC1D39FF-E59A-4925-AD27-2A3BCD4F8329}.AppStore|iPhone.Deploy.0 = Release|Any CPU
		{FC1D39FF-E59A-4925-AD27-2A3BCD4F8329}.AppStore|iPhoneSimulator.ActiveCfg = Release|Any CPU
		{FC1D39FF-E59A-4925-AD27-2A3BCD4F8329}.AppStore|iPhoneSimulator.Build.0 = Release|Any CPU
		{FC1D39FF-E59A-4925-AD27-2A3BCD4F8329}.AppStore|iPhoneSimulator.Deploy.0 = Release|Any CPU
		{FC1D39FF-E59A-4925-AD27-2A3BCD4F8329}.AppStore|x64.ActiveCfg = Release|Any CPU
		{FC1D39FF-E59A-4925-AD27-2A3BCD4F8329}.AppStore|x64.Build.0 = Release|Any CPU
		{FC1D39FF-E59A-4925-AD27-2A3BCD4F8329}.AppStore|x64.Deploy.0 = Release|Any CPU
		{FC1D39FF-E59A-4925-AD27-2A3BCD4F8329}.AppStore|x86.ActiveCfg = Release|Any CPU
		{FC1D39FF-E59A-4925-AD27-2A3BCD4F8329}.AppStore|x86.Build.0 = Release|Any CPU
		{FC1D39FF-E59A-4925-AD27-2A3BCD4F8329}.AppStore|x86.Deploy.0 = Release|Any CPU
		{FC1D39FF-E59A-4925-AD27-2A3BCD4F8329}.Debug|Any CPU.ActiveCfg = Debug|Any CPU
		{FC1D39FF-E59A-4925-AD27-2A3BCD4F8329}.Debug|Any CPU.Build.0 = Debug|Any CPU
		{FC1D39FF-E59A-4925-AD27-2A3BCD4F8329}.Debug|Any CPU.Deploy.0 = Debug|Any CPU
		{FC1D39FF-E59A-4925-AD27-2A3BCD4F8329}.Debug|ARM.ActiveCfg = Debug|Any CPU
		{FC1D39FF-E59A-4925-AD27-2A3BCD4F8329}.Debug|ARM.Build.0 = Debug|Any CPU
		{FC1D39FF-E59A-4925-AD27-2A3BCD4F8329}.Debug|ARM.Deploy.0 = Debug|Any CPU
		{FC1D39FF-E59A-4925-AD27-2A3BCD4F8329}.Debug|iPhone.ActiveCfg = Debug|Any CPU
		{FC1D39FF-E59A-4925-AD27-2A3BCD4F8329}.Debug|iPhone.Build.0 = Debug|Any CPU
		{FC1D39FF-E59A-4925-AD27-2A3BCD4F8329}.Debug|iPhone.Deploy.0 = Debug|Any CPU
		{FC1D39FF-E59A-4925-AD27-2A3BCD4F8329}.Debug|iPhoneSimulator.ActiveCfg = Debug|Any CPU
		{FC1D39FF-E59A-4925-AD27-2A3BCD4F8329}.Debug|iPhoneSimulator.Build.0 = Debug|Any CPU
		{FC1D39FF-E59A-4925-AD27-2A3BCD4F8329}.Debug|iPhoneSimulator.Deploy.0 = Debug|Any CPU
		{FC1D39FF-E59A-4925-AD27-2A3BCD4F8329}.Debug|x64.ActiveCfg = Debug|Any CPU
		{FC1D39FF-E59A-4925-AD27-2A3BCD4F8329}.Debug|x64.Build.0 = Debug|Any CPU
		{FC1D39FF-E59A-4925-AD27-2A3BCD4F8329}.Debug|x64.Deploy.0 = Debug|Any CPU
		{FC1D39FF-E59A-4925-AD27-2A3BCD4F8329}.Debug|x86.ActiveCfg = Debug|Any CPU
		{FC1D39FF-E59A-4925-AD27-2A3BCD4F8329}.Debug|x86.Build.0 = Debug|Any CPU
		{FC1D39FF-E59A-4925-AD27-2A3BCD4F8329}.Debug|x86.Deploy.0 = Debug|Any CPU
		{FC1D39FF-E59A-4925-AD27-2A3BCD4F8329}.Release|Any CPU.ActiveCfg = Release|Any CPU
		{FC1D39FF-E59A-4925-AD27-2A3BCD4F8329}.Release|Any CPU.Build.0 = Release|Any CPU
		{FC1D39FF-E59A-4925-AD27-2A3BCD4F8329}.Release|Any CPU.Deploy.0 = Release|Any CPU
		{FC1D39FF-E59A-4925-AD27-2A3BCD4F8329}.Release|ARM.ActiveCfg = Release|Any CPU
		{FC1D39FF-E59A-4925-AD27-2A3BCD4F8329}.Release|ARM.Build.0 = Release|Any CPU
		{FC1D39FF-E59A-4925-AD27-2A3BCD4F8329}.Release|ARM.Deploy.0 = Release|Any CPU
		{FC1D39FF-E59A-4925-AD27-2A3BCD4F8329}.Release|iPhone.ActiveCfg = Release|Any CPU
		{FC1D39FF-E59A-4925-AD27-2A3BCD4F8329}.Release|iPhone.Build.0 = Release|Any CPU
		{FC1D39FF-E59A-4925-AD27-2A3BCD4F8329}.Release|iPhone.Deploy.0 = Release|Any CPU
		{FC1D39FF-E59A-4925-AD27-2A3BCD4F8329}.Release|iPhoneSimulator.ActiveCfg = Release|Any CPU
		{FC1D39FF-E59A-4925-AD27-2A3BCD4F8329}.Release|iPhoneSimulator.Build.0 = Release|Any CPU
		{FC1D39FF-E59A-4925-AD27-2A3BCD4F8329}.Release|iPhoneSimulator.Deploy.0 = Release|Any CPU
		{FC1D39FF-E59A-4925-AD27-2A3BCD4F8329}.Release|x64.ActiveCfg = Release|Any CPU
		{FC1D39FF-E59A-4925-AD27-2A3BCD4F8329}.Release|x64.Build.0 = Release|Any CPU
		{FC1D39FF-E59A-4925-AD27-2A3BCD4F8329}.Release|x64.Deploy.0 = Release|Any CPU
		{FC1D39FF-E59A-4925-AD27-2A3BCD4F8329}.Release|x86.ActiveCfg = Release|Any CPU
		{FC1D39FF-E59A-4925-AD27-2A3BCD4F8329}.Release|x86.Build.0 = Release|Any CPU
		{FC1D39FF-E59A-4925-AD27-2A3BCD4F8329}.Release|x86.Deploy.0 = Release|Any CPU
		{A3143715-3752-46C0-8D49-7A1629B93F7F}.Ad-Hoc|Any CPU.ActiveCfg = Ad-Hoc|iPhone
		{A3143715-3752-46C0-8D49-7A1629B93F7F}.Ad-Hoc|ARM.ActiveCfg = Ad-Hoc|iPhone
		{A3143715-3752-46C0-8D49-7A1629B93F7F}.Ad-Hoc|iPhone.ActiveCfg = Ad-Hoc|iPhone
		{A3143715-3752-46C0-8D49-7A1629B93F7F}.Ad-Hoc|iPhone.Build.0 = Ad-Hoc|iPhone
		{A3143715-3752-46C0-8D49-7A1629B93F7F}.Ad-Hoc|iPhoneSimulator.ActiveCfg = Ad-Hoc|iPhoneSimulator
		{A3143715-3752-46C0-8D49-7A1629B93F7F}.Ad-Hoc|iPhoneSimulator.Build.0 = Ad-Hoc|iPhoneSimulator
		{A3143715-3752-46C0-8D49-7A1629B93F7F}.Ad-Hoc|x64.ActiveCfg = Ad-Hoc|iPhone
		{A3143715-3752-46C0-8D49-7A1629B93F7F}.Ad-Hoc|x86.ActiveCfg = Ad-Hoc|iPhone
		{A3143715-3752-46C0-8D49-7A1629B93F7F}.AppStore|Any CPU.ActiveCfg = AppStore|iPhone
		{A3143715-3752-46C0-8D49-7A1629B93F7F}.AppStore|ARM.ActiveCfg = AppStore|iPhone
		{A3143715-3752-46C0-8D49-7A1629B93F7F}.AppStore|iPhone.ActiveCfg = AppStore|iPhone
		{A3143715-3752-46C0-8D49-7A1629B93F7F}.AppStore|iPhone.Build.0 = AppStore|iPhone
		{A3143715-3752-46C0-8D49-7A1629B93F7F}.AppStore|iPhoneSimulator.ActiveCfg = AppStore|iPhoneSimulator
		{A3143715-3752-46C0-8D49-7A1629B93F7F}.AppStore|iPhoneSimulator.Build.0 = AppStore|iPhoneSimulator
		{A3143715-3752-46C0-8D49-7A1629B93F7F}.AppStore|x64.ActiveCfg = AppStore|iPhone
		{A3143715-3752-46C0-8D49-7A1629B93F7F}.AppStore|x86.ActiveCfg = AppStore|iPhone
		{A3143715-3752-46C0-8D49-7A1629B93F7F}.Debug|Any CPU.ActiveCfg = Debug|iPhone
		{A3143715-3752-46C0-8D49-7A1629B93F7F}.Debug|ARM.ActiveCfg = Debug|iPhone
		{A3143715-3752-46C0-8D49-7A1629B93F7F}.Debug|iPhone.ActiveCfg = Debug|iPhone
		{A3143715-3752-46C0-8D49-7A1629B93F7F}.Debug|iPhone.Build.0 = Debug|iPhone
		{A3143715-3752-46C0-8D49-7A1629B93F7F}.Debug|iPhoneSimulator.ActiveCfg = Debug|iPhoneSimulator
		{A3143715-3752-46C0-8D49-7A1629B93F7F}.Debug|iPhoneSimulator.Build.0 = Debug|iPhoneSimulator
		{A3143715-3752-46C0-8D49-7A1629B93F7F}.Debug|x64.ActiveCfg = Debug|iPhone
		{A3143715-3752-46C0-8D49-7A1629B93F7F}.Debug|x86.ActiveCfg = Debug|iPhone
		{A3143715-3752-46C0-8D49-7A1629B93F7F}.Release|Any CPU.ActiveCfg = Release|iPhone
		{A3143715-3752-46C0-8D49-7A1629B93F7F}.Release|ARM.ActiveCfg = Release|iPhone
		{A3143715-3752-46C0-8D49-7A1629B93F7F}.Release|iPhone.ActiveCfg = Release|iPhone
		{A3143715-3752-46C0-8D49-7A1629B93F7F}.Release|iPhone.Build.0 = Release|iPhone
		{A3143715-3752-46C0-8D49-7A1629B93F7F}.Release|iPhoneSimulator.ActiveCfg = Release|iPhoneSimulator
		{A3143715-3752-46C0-8D49-7A1629B93F7F}.Release|iPhoneSimulator.Build.0 = Release|iPhoneSimulator
		{A3143715-3752-46C0-8D49-7A1629B93F7F}.Release|x64.ActiveCfg = Release|iPhone
		{A3143715-3752-46C0-8D49-7A1629B93F7F}.Release|x86.ActiveCfg = Release|iPhone
		{F4DB3483-4573-48E7-9B60-680F9809379B}.Ad-Hoc|Any CPU.ActiveCfg = Release|x86
		{F4DB3483-4573-48E7-9B60-680F9809379B}.Ad-Hoc|Any CPU.Build.0 = Release|x86
		{F4DB3483-4573-48E7-9B60-680F9809379B}.Ad-Hoc|Any CPU.Deploy.0 = Release|x86
		{F4DB3483-4573-48E7-9B60-680F9809379B}.Ad-Hoc|ARM.ActiveCfg = Release|ARM
		{F4DB3483-4573-48E7-9B60-680F9809379B}.Ad-Hoc|ARM.Build.0 = Release|ARM
		{F4DB3483-4573-48E7-9B60-680F9809379B}.Ad-Hoc|ARM.Deploy.0 = Release|ARM
		{F4DB3483-4573-48E7-9B60-680F9809379B}.Ad-Hoc|iPhone.ActiveCfg = Release|x86
		{F4DB3483-4573-48E7-9B60-680F9809379B}.Ad-Hoc|iPhone.Build.0 = Release|x86
		{F4DB3483-4573-48E7-9B60-680F9809379B}.Ad-Hoc|iPhone.Deploy.0 = Release|x86
		{F4DB3483-4573-48E7-9B60-680F9809379B}.Ad-Hoc|iPhoneSimulator.ActiveCfg = Release|x86
		{F4DB3483-4573-48E7-9B60-680F9809379B}.Ad-Hoc|iPhoneSimulator.Build.0 = Release|x86
		{F4DB3483-4573-48E7-9B60-680F9809379B}.Ad-Hoc|iPhoneSimulator.Deploy.0 = Release|x86
		{F4DB3483-4573-48E7-9B60-680F9809379B}.Ad-Hoc|x64.ActiveCfg = Release|x64
		{F4DB3483-4573-48E7-9B60-680F9809379B}.Ad-Hoc|x64.Build.0 = Release|x64
		{F4DB3483-4573-48E7-9B60-680F9809379B}.Ad-Hoc|x64.Deploy.0 = Release|x64
		{F4DB3483-4573-48E7-9B60-680F9809379B}.Ad-Hoc|x86.ActiveCfg = Release|x86
		{F4DB3483-4573-48E7-9B60-680F9809379B}.Ad-Hoc|x86.Build.0 = Release|x86
		{F4DB3483-4573-48E7-9B60-680F9809379B}.Ad-Hoc|x86.Deploy.0 = Release|x86
		{F4DB3483-4573-48E7-9B60-680F9809379B}.AppStore|Any CPU.ActiveCfg = Release|x86
		{F4DB3483-4573-48E7-9B60-680F9809379B}.AppStore|Any CPU.Build.0 = Release|x86
		{F4DB3483-4573-48E7-9B60-680F9809379B}.AppStore|Any CPU.Deploy.0 = Release|x86
		{F4DB3483-4573-48E7-9B60-680F9809379B}.AppStore|ARM.ActiveCfg = Release|ARM
		{F4DB3483-4573-48E7-9B60-680F9809379B}.AppStore|ARM.Build.0 = Release|ARM
		{F4DB3483-4573-48E7-9B60-680F9809379B}.AppStore|ARM.Deploy.0 = Release|ARM
		{F4DB3483-4573-48E7-9B60-680F9809379B}.AppStore|iPhone.ActiveCfg = Release|x86
		{F4DB3483-4573-48E7-9B60-680F9809379B}.AppStore|iPhone.Build.0 = Release|x86
		{F4DB3483-4573-48E7-9B60-680F9809379B}.AppStore|iPhone.Deploy.0 = Release|x86
		{F4DB3483-4573-48E7-9B60-680F9809379B}.AppStore|iPhoneSimulator.ActiveCfg = Release|x86
		{F4DB3483-4573-48E7-9B60-680F9809379B}.AppStore|iPhoneSimulator.Build.0 = Release|x86
		{F4DB3483-4573-48E7-9B60-680F9809379B}.AppStore|iPhoneSimulator.Deploy.0 = Release|x86
		{F4DB3483-4573-48E7-9B60-680F9809379B}.AppStore|x64.ActiveCfg = Release|x64
		{F4DB3483-4573-48E7-9B60-680F9809379B}.AppStore|x64.Build.0 = Release|x64
		{F4DB3483-4573-48E7-9B60-680F9809379B}.AppStore|x64.Deploy.0 = Release|x64
		{F4DB3483-4573-48E7-9B60-680F9809379B}.AppStore|x86.ActiveCfg = Release|x86
		{F4DB3483-4573-48E7-9B60-680F9809379B}.AppStore|x86.Build.0 = Release|x86
		{F4DB3483-4573-48E7-9B60-680F9809379B}.AppStore|x86.Deploy.0 = Release|x86
		{F4DB3483-4573-48E7-9B60-680F9809379B}.Debug|Any CPU.ActiveCfg = Debug|x86
		{F4DB3483-4573-48E7-9B60-680F9809379B}.Debug|ARM.ActiveCfg = Debug|ARM
		{F4DB3483-4573-48E7-9B60-680F9809379B}.Debug|ARM.Build.0 = Debug|ARM
		{F4DB3483-4573-48E7-9B60-680F9809379B}.Debug|ARM.Deploy.0 = Debug|ARM
		{F4DB3483-4573-48E7-9B60-680F9809379B}.Debug|iPhone.ActiveCfg = Debug|x86
		{F4DB3483-4573-48E7-9B60-680F9809379B}.Debug|iPhoneSimulator.ActiveCfg = Debug|x86
		{F4DB3483-4573-48E7-9B60-680F9809379B}.Debug|x64.ActiveCfg = Debug|x64
		{F4DB3483-4573-48E7-9B60-680F9809379B}.Debug|x64.Build.0 = Debug|x64
		{F4DB3483-4573-48E7-9B60-680F9809379B}.Debug|x64.Deploy.0 = Debug|x64
		{F4DB3483-4573-48E7-9B60-680F9809379B}.Debug|x86.ActiveCfg = Debug|x86
		{F4DB3483-4573-48E7-9B60-680F9809379B}.Debug|x86.Build.0 = Debug|x86
		{F4DB3483-4573-48E7-9B60-680F9809379B}.Debug|x86.Deploy.0 = Debug|x86
		{F4DB3483-4573-48E7-9B60-680F9809379B}.Release|Any CPU.ActiveCfg = Release|x86
		{F4DB3483-4573-48E7-9B60-680F9809379B}.Release|ARM.ActiveCfg = Release|ARM
		{F4DB3483-4573-48E7-9B60-680F9809379B}.Release|ARM.Build.0 = Release|ARM
		{F4DB3483-4573-48E7-9B60-680F9809379B}.Release|ARM.Deploy.0 = Release|ARM
		{F4DB3483-4573-48E7-9B60-680F9809379B}.Release|iPhone.ActiveCfg = Release|x86
		{F4DB3483-4573-48E7-9B60-680F9809379B}.Release|iPhoneSimulator.ActiveCfg = Release|x86
		{F4DB3483-4573-48E7-9B60-680F9809379B}.Release|x64.ActiveCfg = Release|x64
		{F4DB3483-4573-48E7-9B60-680F9809379B}.Release|x64.Build.0 = Release|x64
		{F4DB3483-4573-48E7-9B60-680F9809379B}.Release|x64.Deploy.0 = Release|x64
		{F4DB3483-4573-48E7-9B60-680F9809379B}.Release|x86.ActiveCfg = Release|x86
		{F4DB3483-4573-48E7-9B60-680F9809379B}.Release|x86.Build.0 = Release|x86
		{F4DB3483-4573-48E7-9B60-680F9809379B}.Release|x86.Deploy.0 = Release|x86
	EndGlobalSection
	GlobalSection(SolutionProperties) = preSolution
		HideSolutionNode = FALSE
	EndGlobalSection
	GlobalSection(NestedProjects) = preSolution
		{E1B64ED8-93C4-4DA7-BC84-DAADA2F74FA4} = {79197E8E-928D-4AB9-BF0C-F3FC1DD544D5}
		{397DC464-EA7E-47FF-8DB6-6B8E6937DFA0} = {79197E8E-928D-4AB9-BF0C-F3FC1DD544D5}
		{CB846F41-B01C-42DA-A212-C02133239F14} = {79197E8E-928D-4AB9-BF0C-F3FC1DD544D5}
		{52EE4911-C1D5-4E42-8BD9-4166CB5ECE2A} = {79197E8E-928D-4AB9-BF0C-F3FC1DD544D5}
		{11104F68-A049-4DE1-8F60-41097C652C74} = {554E40AE-4D23-43C9-AED2-63A61600A021}
		{2ED9B7E3-BFA4-4A63-B3CF-79306C4C6DC7} = {554E40AE-4D23-43C9-AED2-63A61600A021}
		{65C8FDE2-B2E1-4745-B8C2-B1A8EDBB4A38} = {554E40AE-4D23-43C9-AED2-63A61600A021}
		{D6C4D961-6D10-4340-85CC-3FA692BF7989} = {554E40AE-4D23-43C9-AED2-63A61600A021}
		{63C381C7-4256-43E7-B739-D1A867269CEC} = {52DABD99-FCAE-4BBD-B1CE-E29777535121}
		{B4EF0FD0-8AF7-4F32-BFD5-0A316ECEF8B6} = {52DABD99-FCAE-4BBD-B1CE-E29777535121}
		{4BB95B08-CD18-418D-86AF-44C2FA090672} = {52DABD99-FCAE-4BBD-B1CE-E29777535121}
		{2046980A-F06B-4403-B140-36F4AAA07713} = {52DABD99-FCAE-4BBD-B1CE-E29777535121}
		{F11B1BF5-430A-4E99-A151-3FD5816232E3} = {29A164AD-E1AB-4974-8CF7-FA3D1DFEC4C6}
		{FC1D39FF-E59A-4925-AD27-2A3BCD4F8329} = {29A164AD-E1AB-4974-8CF7-FA3D1DFEC4C6}
		{A3143715-3752-46C0-8D49-7A1629B93F7F} = {29A164AD-E1AB-4974-8CF7-FA3D1DFEC4C6}
		{F4DB3483-4573-48E7-9B60-680F9809379B} = {29A164AD-E1AB-4974-8CF7-FA3D1DFEC4C6}
	EndGlobalSection
EndGlobal
